// !$*UTF8*$!
{
	archiveVersion = 1;
	classes = {
	};
	objectVersion = 48;
	objects = {

/* Begin PBXBuildFile section */
		600DD282230A3EA000A88D16 /* .travis.yml in Resources */ = {isa = PBXBuildFile; fileRef = 600DD281230A3EA000A88D16 /* .travis.yml */; };
		60154B5F20D11D6B0000877A /* GKGIFViewController.m in Sources */ = {isa = PBXBuildFile; fileRef = 60154B5E20D11D6B0000877A /* GKGIFViewController.m */; };
		602CC2DC21226AD500DE81BF /* GKTopView.m in Sources */ = {isa = PBXBuildFile; fileRef = 602CC2DB21226AD500DE81BF /* GKTopView.m */; };
		60318BAF2498ACAD00ABC67B /* GKPublishViewController.m in Sources */ = {isa = PBXBuildFile; fileRef = 60318BAE2498ACAD00ABC67B /* GKPublishViewController.m */; };
		60415CB22121648F00D1D54B /* GKSDAutoLayoutViewController.m in Sources */ = {isa = PBXBuildFile; fileRef = 60415CB12121648F00D1D54B /* GKSDAutoLayoutViewController.m */; };
		60415CB72121715000D1D54B /* test.txt in Resources */ = {isa = PBXBuildFile; fileRef = 60415CB62121715000D1D54B /* test.txt */; };
		60415CBA2121750B00D1D54B /* GKBottomView.m in Sources */ = {isa = PBXBuildFile; fileRef = 60415CB92121750B00D1D54B /* GKBottomView.m */; };
		606CD60625805EBF00290941 /* YYAnimatedImageView+GKExtension.m in Sources */ = {isa = PBXBuildFile; fileRef = 606CD60525805EBF00290941 /* YYAnimatedImageView+GKExtension.m */; };
		608FC479254142EE003DB82F /* test.html in Resources */ = {isa = PBXBuildFile; fileRef = 608FC478254142EE003DB82F /* test.html */; };
		60CAD8F7262E66D9003A36D7 /* GKTestVC.m in Sources */ = {isa = PBXBuildFile; fileRef = 60CAD8F6262E66D9003A36D7 /* GKTestVC.m */; };
		60F9901622715A18008150AE /* GKOriginImageViewController.m in Sources */ = {isa = PBXBuildFile; fileRef = 60F9901522715A18008150AE /* GKOriginImageViewController.m */; };
		7907911D29B6E40A000D70A5 /* GKDemoViewController.m in Sources */ = {isa = PBXBuildFile; fileRef = 7907911C29B6E40A000D70A5 /* GKDemoViewController.m */; };
		7925A4E92A1F36D300972F47 /* GKChatViewController.m in Sources */ = {isa = PBXBuildFile; fileRef = 7925A4E82A1F36D300972F47 /* GKChatViewController.m */; };
		7925A4EC2A1F37E200972F47 /* GKChatViewCell.m in Sources */ = {isa = PBXBuildFile; fileRef = 7925A4EB2A1F37E200972F47 /* GKChatViewCell.m */; };
		7925A4EE2A1F3A1400972F47 /* chat.txt in Resources */ = {isa = PBXBuildFile; fileRef = 7925A4ED2A1F3A1400972F47 /* chat.txt */; };
		7925A4F12A20507400972F47 /* GKVideoProgressView.m in Sources */ = {isa = PBXBuildFile; fileRef = 7925A4F02A20507400972F47 /* GKVideoProgressView.m */; };
		7925A5502A28914900972F47 /* GKLargeImageViewController.m in Sources */ = {isa = PBXBuildFile; fileRef = 7925A54F2A28914900972F47 /* GKLargeImageViewController.m */; };
		7925A5532A28915700972F47 /* GKLargeImageManager.m in Sources */ = {isa = PBXBuildFile; fileRef = 7925A5522A28915700972F47 /* GKLargeImageManager.m */; };
		7925A5562A28916100972F47 /* GKLargeImageView.m in Sources */ = {isa = PBXBuildFile; fileRef = 7925A5552A28916100972F47 /* GKLargeImageView.m */; };
		7927F0D020A97F280017FD5B /* GKTestViewController.m in Sources */ = {isa = PBXBuildFile; fileRef = 7927F0CF20A97F280017FD5B /* GKTestViewController.m */; };
		795FA5981FF333420057BDB0 /* Assets.xcassets in Resources */ = {isa = PBXBuildFile; fileRef = 795FA5971FF333420057BDB0 /* Assets.xcassets */; };
		795FA59B1FF333420057BDB0 /* LaunchScreen.storyboard in Resources */ = {isa = PBXBuildFile; fileRef = 795FA5991FF333420057BDB0 /* LaunchScreen.storyboard */; };
		795FA59E1FF333420057BDB0 /* main.m in Sources */ = {isa = PBXBuildFile; fileRef = 795FA59D1FF333420057BDB0 /* main.m */; };
		795FA60D1FF338200057BDB0 /* AppDelegate.m in Sources */ = {isa = PBXBuildFile; fileRef = 795FA5DD1FF3381F0057BDB0 /* AppDelegate.m */; };
		795FA60E1FF338200057BDB0 /* GKMainViewController.m in Sources */ = {isa = PBXBuildFile; fileRef = 795FA5DF1FF3381F0057BDB0 /* GKMainViewController.m */; };
		795FA60F1FF338200057BDB0 /* GKPhotosView.m in Sources */ = {isa = PBXBuildFile; fileRef = 795FA5E01FF3381F0057BDB0 /* GKPhotosView.m */; };
		795FA6101FF338200057BDB0 /* GKJianshuViewController.m in Sources */ = {isa = PBXBuildFile; fileRef = 795FA5E31FF3381F0057BDB0 /* GKJianshuViewController.m */; };
		795FA6111FF338200057BDB0 /* GKBaseViewController.m in Sources */ = {isa = PBXBuildFile; fileRef = 795FA5E61FF338200057BDB0 /* GKBaseViewController.m */; };
		795FA6121FF338200057BDB0 /* GKToutiaoDetailViewController.m in Sources */ = {isa = PBXBuildFile; fileRef = 795FA5EA1FF338200057BDB0 /* GKToutiaoDetailViewController.m */; };
		795FA6131FF338200057BDB0 /* GKToutiaoViewCell.m in Sources */ = {isa = PBXBuildFile; fileRef = 795FA5EB1FF338200057BDB0 /* GKToutiaoViewCell.m */; };
		795FA6141FF338200057BDB0 /* GKToutiaoViewController.m in Sources */ = {isa = PBXBuildFile; fileRef = 795FA5EC1FF338200057BDB0 /* GKToutiaoViewController.m */; };
		795FA6151FF338200057BDB0 /* GKToutiaoModel.m in Sources */ = {isa = PBXBuildFile; fileRef = 795FA5ED1FF338200057BDB0 /* GKToutiaoModel.m */; };
		795FA6161FF338200057BDB0 /* toutiao.txt in Resources */ = {isa = PBXBuildFile; fileRef = 795FA5F01FF338200057BDB0 /* toutiao.txt */; };
		795FA6171FF338200057BDB0 /* GKTest01ViewController.m in Sources */ = {isa = PBXBuildFile; fileRef = 795FA5F21FF338200057BDB0 /* GKTest01ViewController.m */; };
		795FA6181FF338200057BDB0 /* GKTest02ViewCell.m in Sources */ = {isa = PBXBuildFile; fileRef = 795FA5F31FF338200057BDB0 /* GKTest02ViewCell.m */; };
		795FA6191FF338200057BDB0 /* UIView+GKFrame.m in Sources */ = {isa = PBXBuildFile; fileRef = 795FA5F61FF338200057BDB0 /* UIView+GKFrame.m */; };
		795FA61B1FF338200057BDB0 /* GKTimeLineViewCell.m in Sources */ = {isa = PBXBuildFile; fileRef = 795FA5FA1FF338200057BDB0 /* GKTimeLineViewCell.m */; };
		795FA61D1FF338200057BDB0 /* GKTimeLineViewController.m in Sources */ = {isa = PBXBuildFile; fileRef = 795FA5FD1FF338200057BDB0 /* GKTimeLineViewController.m */; };
		795FA61F1FF338200057BDB0 /* GKTimeLineModel.m in Sources */ = {isa = PBXBuildFile; fileRef = 795FA5FF1FF338200057BDB0 /* GKTimeLineModel.m */; };
		795FA6201FF338200057BDB0 /* timeline.txt in Resources */ = {isa = PBXBuildFile; fileRef = 795FA6011FF338200057BDB0 /* timeline.txt */; };
		795FA6211FF338200057BDB0 /* GKTest01ViewCell.m in Sources */ = {isa = PBXBuildFile; fileRef = 795FA6051FF338200057BDB0 /* GKTest01ViewCell.m */; };
		795FA6221FF338200057BDB0 /* GKTest03ViewController.m in Sources */ = {isa = PBXBuildFile; fileRef = 795FA6061FF338200057BDB0 /* GKTest03ViewController.m */; };
		795FA6231FF338200057BDB0 /* GKTest02ViewController.m in Sources */ = {isa = PBXBuildFile; fileRef = 795FA6071FF338200057BDB0 /* GKTest02ViewController.m */; };
		795FA6281FF34F230057BDB0 /* GKPhotoBrowser.podspec in Resources */ = {isa = PBXBuildFile; fileRef = 795FA6261FF34F210057BDB0 /* GKPhotoBrowser.podspec */; };
		795FA6291FF34F230057BDB0 /* README.md in Resources */ = {isa = PBXBuildFile; fileRef = 795FA6271FF34F220057BDB0 /* README.md */; };
		79B33755249111E100590023 /* test.gif in Resources */ = {isa = PBXBuildFile; fileRef = 79B33754249111E100590023 /* test.gif */; };
		79C4206A29C2AD5D00A0AB84 /* GKZFPlayerManager.m in Sources */ = {isa = PBXBuildFile; fileRef = 79C4206929C2AD5D00A0AB84 /* GKZFPlayerManager.m */; };
		90EEF67CE4A0A3BDF6976160 /* Pods_GKPhotoBrowserDemo.framework in Frameworks */ = {isa = PBXBuildFile; fileRef = E226CAABE93571C9A572D4E4 /* Pods_GKPhotoBrowserDemo.framework */; };
/* End PBXBuildFile section */

/* Begin PBXContainerItemProxy section */
		795FA5A41FF333420057BDB0 /* PBXContainerItemProxy */ = {
			isa = PBXContainerItemProxy;
			containerPortal = 795FA5831FF333420057BDB0 /* Project object */;
			proxyType = 1;
			remoteGlobalIDString = 795FA58A1FF333420057BDB0;
			remoteInfo = GKPhotoBrowserDemo;
		};
		795FA5AF1FF333430057BDB0 /* PBXContainerItemProxy */ = {
			isa = PBXContainerItemProxy;
			containerPortal = 795FA5831FF333420057BDB0 /* Project object */;
			proxyType = 1;
			remoteGlobalIDString = 795FA58A1FF333420057BDB0;
			remoteInfo = GKPhotoBrowserDemo;
		};
/* End PBXContainerItemProxy section */

/* Begin PBXCopyFilesBuildPhase section */
		607090EA21082DC90041ED2D /* Embed Frameworks */ = {
			isa = PBXCopyFilesBuildPhase;
			buildActionMask = 2147483647;
			dstPath = "";
			dstSubfolderSpec = 10;
			files = (
			);
			name = "Embed Frameworks";
			runOnlyForDeploymentPostprocessing = 0;
		};
/* End PBXCopyFilesBuildPhase section */

/* Begin PBXFileReference section */
		1BD88472E22F06A033FA0CC2 /* Pods-GKPhotoBrowserDemo.debug.xcconfig */ = {isa = PBXFileReference; includeInIndex = 1; lastKnownFileType = text.xcconfig; name = "Pods-GKPhotoBrowserDemo.debug.xcconfig"; path = "Pods/Target Support Files/Pods-GKPhotoBrowserDemo/Pods-GKPhotoBrowserDemo.debug.xcconfig"; sourceTree = "<group>"; };
		600DD281230A3EA000A88D16 /* .travis.yml */ = {isa = PBXFileReference; fileEncoding = 4; lastKnownFileType = text; name = .travis.yml; path = ../../.travis.yml; sourceTree = "<group>"; };
		60154B5D20D11D6B0000877A /* GKGIFViewController.h */ = {isa = PBXFileReference; lastKnownFileType = sourcecode.c.h; path = GKGIFViewController.h; sourceTree = "<group>"; };
		60154B5E20D11D6B0000877A /* GKGIFViewController.m */ = {isa = PBXFileReference; lastKnownFileType = sourcecode.c.objc; path = GKGIFViewController.m; sourceTree = "<group>"; };
		602CC2DA21226AD500DE81BF /* GKTopView.h */ = {isa = PBXFileReference; lastKnownFileType = sourcecode.c.h; path = GKTopView.h; sourceTree = "<group>"; };
		602CC2DB21226AD500DE81BF /* GKTopView.m */ = {isa = PBXFileReference; lastKnownFileType = sourcecode.c.objc; path = GKTopView.m; sourceTree = "<group>"; };
		60318BAD2498ACAD00ABC67B /* GKPublishViewController.h */ = {isa = PBXFileReference; lastKnownFileType = sourcecode.c.h; path = GKPublishViewController.h; sourceTree = "<group>"; };
		60318BAE2498ACAD00ABC67B /* GKPublishViewController.m */ = {isa = PBXFileReference; lastKnownFileType = sourcecode.c.objc; path = GKPublishViewController.m; sourceTree = "<group>"; };
		60415CB02121648F00D1D54B /* GKSDAutoLayoutViewController.h */ = {isa = PBXFileReference; lastKnownFileType = sourcecode.c.h; path = GKSDAutoLayoutViewController.h; sourceTree = "<group>"; };
		60415CB12121648F00D1D54B /* GKSDAutoLayoutViewController.m */ = {isa = PBXFileReference; lastKnownFileType = sourcecode.c.objc; path = GKSDAutoLayoutViewController.m; sourceTree = "<group>"; };
		60415CB62121715000D1D54B /* test.txt */ = {isa = PBXFileReference; lastKnownFileType = text; path = test.txt; sourceTree = "<group>"; };
		60415CB82121750B00D1D54B /* GKBottomView.h */ = {isa = PBXFileReference; lastKnownFileType = sourcecode.c.h; path = GKBottomView.h; sourceTree = "<group>"; };
		60415CB92121750B00D1D54B /* GKBottomView.m */ = {isa = PBXFileReference; lastKnownFileType = sourcecode.c.objc; path = GKBottomView.m; sourceTree = "<group>"; };
		606CD60425805EBF00290941 /* YYAnimatedImageView+GKExtension.h */ = {isa = PBXFileReference; lastKnownFileType = sourcecode.c.h; path = "YYAnimatedImageView+GKExtension.h"; sourceTree = "<group>"; };
		606CD60525805EBF00290941 /* YYAnimatedImageView+GKExtension.m */ = {isa = PBXFileReference; lastKnownFileType = sourcecode.c.objc; path = "YYAnimatedImageView+GKExtension.m"; sourceTree = "<group>"; };
		608FC478254142EE003DB82F /* test.html */ = {isa = PBXFileReference; lastKnownFileType = text.html; path = test.html; sourceTree = "<group>"; };
		60CAD8F5262E66D9003A36D7 /* GKTestVC.h */ = {isa = PBXFileReference; lastKnownFileType = sourcecode.c.h; path = GKTestVC.h; sourceTree = "<group>"; };
		60CAD8F6262E66D9003A36D7 /* GKTestVC.m */ = {isa = PBXFileReference; lastKnownFileType = sourcecode.c.objc; path = GKTestVC.m; sourceTree = "<group>"; };
		60F9901422715A18008150AE /* GKOriginImageViewController.h */ = {isa = PBXFileReference; lastKnownFileType = sourcecode.c.h; path = GKOriginImageViewController.h; sourceTree = "<group>"; };
		60F9901522715A18008150AE /* GKOriginImageViewController.m */ = {isa = PBXFileReference; lastKnownFileType = sourcecode.c.objc; path = GKOriginImageViewController.m; sourceTree = "<group>"; };
		7907911B29B6E40A000D70A5 /* GKDemoViewController.h */ = {isa = PBXFileReference; lastKnownFileType = sourcecode.c.h; path = GKDemoViewController.h; sourceTree = "<group>"; };
		7907911C29B6E40A000D70A5 /* GKDemoViewController.m */ = {isa = PBXFileReference; lastKnownFileType = sourcecode.c.objc; path = GKDemoViewController.m; sourceTree = "<group>"; };
		7925A4E72A1F36D300972F47 /* GKChatViewController.h */ = {isa = PBXFileReference; lastKnownFileType = sourcecode.c.h; path = GKChatViewController.h; sourceTree = "<group>"; };
		7925A4E82A1F36D300972F47 /* GKChatViewController.m */ = {isa = PBXFileReference; lastKnownFileType = sourcecode.c.objc; path = GKChatViewController.m; sourceTree = "<group>"; };
		7925A4EA2A1F37E200972F47 /* GKChatViewCell.h */ = {isa = PBXFileReference; lastKnownFileType = sourcecode.c.h; path = GKChatViewCell.h; sourceTree = "<group>"; };
		7925A4EB2A1F37E200972F47 /* GKChatViewCell.m */ = {isa = PBXFileReference; lastKnownFileType = sourcecode.c.objc; path = GKChatViewCell.m; sourceTree = "<group>"; };
		7925A4ED2A1F3A1400972F47 /* chat.txt */ = {isa = PBXFileReference; fileEncoding = 4; lastKnownFileType = text; path = chat.txt; sourceTree = "<group>"; };
		7925A4EF2A20507400972F47 /* GKVideoProgressView.h */ = {isa = PBXFileReference; lastKnownFileType = sourcecode.c.h; path = GKVideoProgressView.h; sourceTree = "<group>"; };
		7925A4F02A20507400972F47 /* GKVideoProgressView.m */ = {isa = PBXFileReference; lastKnownFileType = sourcecode.c.objc; path = GKVideoProgressView.m; sourceTree = "<group>"; };
		7925A54E2A28914900972F47 /* GKLargeImageViewController.h */ = {isa = PBXFileReference; lastKnownFileType = sourcecode.c.h; path = GKLargeImageViewController.h; sourceTree = "<group>"; };
		7925A54F2A28914900972F47 /* GKLargeImageViewController.m */ = {isa = PBXFileReference; lastKnownFileType = sourcecode.c.objc; path = GKLargeImageViewController.m; sourceTree = "<group>"; };
		7925A5512A28915700972F47 /* GKLargeImageManager.h */ = {isa = PBXFileReference; lastKnownFileType = sourcecode.c.h; path = GKLargeImageManager.h; sourceTree = "<group>"; };
		7925A5522A28915700972F47 /* GKLargeImageManager.m */ = {isa = PBXFileReference; lastKnownFileType = sourcecode.c.objc; path = GKLargeImageManager.m; sourceTree = "<group>"; };
		7925A5542A28916100972F47 /* GKLargeImageView.h */ = {isa = PBXFileReference; lastKnownFileType = sourcecode.c.h; path = GKLargeImageView.h; sourceTree = "<group>"; };
		7925A5552A28916100972F47 /* GKLargeImageView.m */ = {isa = PBXFileReference; lastKnownFileType = sourcecode.c.objc; path = GKLargeImageView.m; sourceTree = "<group>"; };
		7927F0CE20A97F280017FD5B /* GKTestViewController.h */ = {isa = PBXFileReference; lastKnownFileType = sourcecode.c.h; path = GKTestViewController.h; sourceTree = "<group>"; };
		7927F0CF20A97F280017FD5B /* GKTestViewController.m */ = {isa = PBXFileReference; lastKnownFileType = sourcecode.c.objc; path = GKTestViewController.m; sourceTree = "<group>"; };
		795FA58B1FF333420057BDB0 /* GKPhotoBrowserDemo.app */ = {isa = PBXFileReference; explicitFileType = wrapper.application; includeInIndex = 0; path = GKPhotoBrowserDemo.app; sourceTree = BUILT_PRODUCTS_DIR; };
		795FA5971FF333420057BDB0 /* Assets.xcassets */ = {isa = PBXFileReference; lastKnownFileType = folder.assetcatalog; path = Assets.xcassets; sourceTree = "<group>"; };
		795FA59A1FF333420057BDB0 /* Base */ = {isa = PBXFileReference; lastKnownFileType = file.storyboard; name = Base; path = Base.lproj/LaunchScreen.storyboard; sourceTree = "<group>"; };
		795FA59C1FF333420057BDB0 /* Info.plist */ = {isa = PBXFileReference; lastKnownFileType = text.plist.xml; path = Info.plist; sourceTree = "<group>"; };
		795FA59D1FF333420057BDB0 /* main.m */ = {isa = PBXFileReference; lastKnownFileType = sourcecode.c.objc; path = main.m; sourceTree = "<group>"; };
		795FA5A31FF333420057BDB0 /* GKPhotoBrowserDemoTests.xctest */ = {isa = PBXFileReference; explicitFileType = wrapper.cfbundle; includeInIndex = 0; path = GKPhotoBrowserDemoTests.xctest; sourceTree = BUILT_PRODUCTS_DIR; };
		795FA5AE1FF333430057BDB0 /* GKPhotoBrowserDemoUITests.xctest */ = {isa = PBXFileReference; explicitFileType = wrapper.cfbundle; includeInIndex = 0; path = GKPhotoBrowserDemoUITests.xctest; sourceTree = BUILT_PRODUCTS_DIR; };
		795FA5DC1FF3381F0057BDB0 /* AppDelegate.h */ = {isa = PBXFileReference; fileEncoding = 4; lastKnownFileType = sourcecode.c.h; path = AppDelegate.h; sourceTree = "<group>"; };
		795FA5DD1FF3381F0057BDB0 /* AppDelegate.m */ = {isa = PBXFileReference; fileEncoding = 4; lastKnownFileType = sourcecode.c.objc; path = AppDelegate.m; sourceTree = "<group>"; };
		795FA5DF1FF3381F0057BDB0 /* GKMainViewController.m */ = {isa = PBXFileReference; fileEncoding = 4; lastKnownFileType = sourcecode.c.objc; path = GKMainViewController.m; sourceTree = "<group>"; };
		795FA5E01FF3381F0057BDB0 /* GKPhotosView.m */ = {isa = PBXFileReference; fileEncoding = 4; lastKnownFileType = sourcecode.c.objc; path = GKPhotosView.m; sourceTree = "<group>"; };
		795FA5E21FF3381F0057BDB0 /* GKJianshuViewController.h */ = {isa = PBXFileReference; fileEncoding = 4; lastKnownFileType = sourcecode.c.h; path = GKJianshuViewController.h; sourceTree = "<group>"; };
		795FA5E31FF3381F0057BDB0 /* GKJianshuViewController.m */ = {isa = PBXFileReference; fileEncoding = 4; lastKnownFileType = sourcecode.c.objc; path = GKJianshuViewController.m; sourceTree = "<group>"; };
		795FA5E41FF3381F0057BDB0 /* GKTest03ViewController.h */ = {isa = PBXFileReference; fileEncoding = 4; lastKnownFileType = sourcecode.c.h; path = GKTest03ViewController.h; sourceTree = "<group>"; };
		795FA5E51FF338200057BDB0 /* GKTest01ViewCell.h */ = {isa = PBXFileReference; fileEncoding = 4; lastKnownFileType = sourcecode.c.h; path = GKTest01ViewCell.h; sourceTree = "<group>"; };
		795FA5E61FF338200057BDB0 /* GKBaseViewController.m */ = {isa = PBXFileReference; fileEncoding = 4; lastKnownFileType = sourcecode.c.objc; path = GKBaseViewController.m; sourceTree = "<group>"; };
		795FA5E71FF338200057BDB0 /* GKTest02ViewController.h */ = {isa = PBXFileReference; fileEncoding = 4; lastKnownFileType = sourcecode.c.h; path = GKTest02ViewController.h; sourceTree = "<group>"; };
		795FA5E91FF338200057BDB0 /* GKToutiaoModel.h */ = {isa = PBXFileReference; fileEncoding = 4; lastKnownFileType = sourcecode.c.h; path = GKToutiaoModel.h; sourceTree = "<group>"; };
		795FA5EA1FF338200057BDB0 /* GKToutiaoDetailViewController.m */ = {isa = PBXFileReference; fileEncoding = 4; lastKnownFileType = sourcecode.c.objc; path = GKToutiaoDetailViewController.m; sourceTree = "<group>"; };
		795FA5EB1FF338200057BDB0 /* GKToutiaoViewCell.m */ = {isa = PBXFileReference; fileEncoding = 4; lastKnownFileType = sourcecode.c.objc; path = GKToutiaoViewCell.m; sourceTree = "<group>"; };
		795FA5EC1FF338200057BDB0 /* GKToutiaoViewController.m */ = {isa = PBXFileReference; fileEncoding = 4; lastKnownFileType = sourcecode.c.objc; path = GKToutiaoViewController.m; sourceTree = "<group>"; };
		795FA5ED1FF338200057BDB0 /* GKToutiaoModel.m */ = {isa = PBXFileReference; fileEncoding = 4; lastKnownFileType = sourcecode.c.objc; path = GKToutiaoModel.m; sourceTree = "<group>"; };
		795FA5EE1FF338200057BDB0 /* GKToutiaoViewCell.h */ = {isa = PBXFileReference; fileEncoding = 4; lastKnownFileType = sourcecode.c.h; path = GKToutiaoViewCell.h; sourceTree = "<group>"; };
		795FA5EF1FF338200057BDB0 /* GKToutiaoDetailViewController.h */ = {isa = PBXFileReference; fileEncoding = 4; lastKnownFileType = sourcecode.c.h; path = GKToutiaoDetailViewController.h; sourceTree = "<group>"; };
		795FA5F01FF338200057BDB0 /* toutiao.txt */ = {isa = PBXFileReference; fileEncoding = 4; lastKnownFileType = text; path = toutiao.txt; sourceTree = "<group>"; };
		795FA5F11FF338200057BDB0 /* GKToutiaoViewController.h */ = {isa = PBXFileReference; fileEncoding = 4; lastKnownFileType = sourcecode.c.h; path = GKToutiaoViewController.h; sourceTree = "<group>"; };
		795FA5F21FF338200057BDB0 /* GKTest01ViewController.m */ = {isa = PBXFileReference; fileEncoding = 4; lastKnownFileType = sourcecode.c.objc; path = GKTest01ViewController.m; sourceTree = "<group>"; };
		795FA5F31FF338200057BDB0 /* GKTest02ViewCell.m */ = {isa = PBXFileReference; fileEncoding = 4; lastKnownFileType = sourcecode.c.objc; path = GKTest02ViewCell.m; sourceTree = "<group>"; };
		795FA5F51FF338200057BDB0 /* UIView+GKFrame.h */ = {isa = PBXFileReference; fileEncoding = 4; lastKnownFileType = sourcecode.c.h; path = "UIView+GKFrame.h"; sourceTree = "<group>"; };
		795FA5F61FF338200057BDB0 /* UIView+GKFrame.m */ = {isa = PBXFileReference; fileEncoding = 4; lastKnownFileType = sourcecode.c.objc; path = "UIView+GKFrame.m"; sourceTree = "<group>"; };
		795FA5F71FF338200057BDB0 /* GKPhotosView.h */ = {isa = PBXFileReference; fileEncoding = 4; lastKnownFileType = sourcecode.c.h; path = GKPhotosView.h; sourceTree = "<group>"; };
		795FA5FA1FF338200057BDB0 /* GKTimeLineViewCell.m */ = {isa = PBXFileReference; fileEncoding = 4; lastKnownFileType = sourcecode.c.objc; path = GKTimeLineViewCell.m; sourceTree = "<group>"; };
		795FA5FC1FF338200057BDB0 /* GKTimeLineModel.h */ = {isa = PBXFileReference; fileEncoding = 4; lastKnownFileType = sourcecode.c.h; path = GKTimeLineModel.h; sourceTree = "<group>"; };
		795FA5FD1FF338200057BDB0 /* GKTimeLineViewController.m */ = {isa = PBXFileReference; fileEncoding = 4; lastKnownFileType = sourcecode.c.objc; path = GKTimeLineViewController.m; sourceTree = "<group>"; };
		795FA5FF1FF338200057BDB0 /* GKTimeLineModel.m */ = {isa = PBXFileReference; fileEncoding = 4; lastKnownFileType = sourcecode.c.objc; path = GKTimeLineModel.m; sourceTree = "<group>"; };
		795FA6001FF338200057BDB0 /* GKTimeLineViewCell.h */ = {isa = PBXFileReference; fileEncoding = 4; lastKnownFileType = sourcecode.c.h; path = GKTimeLineViewCell.h; sourceTree = "<group>"; };
		795FA6011FF338200057BDB0 /* timeline.txt */ = {isa = PBXFileReference; fileEncoding = 4; lastKnownFileType = text; path = timeline.txt; sourceTree = "<group>"; };
		795FA6021FF338200057BDB0 /* GKTimeLineViewController.h */ = {isa = PBXFileReference; fileEncoding = 4; lastKnownFileType = sourcecode.c.h; path = GKTimeLineViewController.h; sourceTree = "<group>"; };
		795FA6031FF338200057BDB0 /* GKMainViewController.h */ = {isa = PBXFileReference; fileEncoding = 4; lastKnownFileType = sourcecode.c.h; path = GKMainViewController.h; sourceTree = "<group>"; };
		795FA6041FF338200057BDB0 /* GKBaseViewController.h */ = {isa = PBXFileReference; fileEncoding = 4; lastKnownFileType = sourcecode.c.h; path = GKBaseViewController.h; sourceTree = "<group>"; };
		795FA6051FF338200057BDB0 /* GKTest01ViewCell.m */ = {isa = PBXFileReference; fileEncoding = 4; lastKnownFileType = sourcecode.c.objc; path = GKTest01ViewCell.m; sourceTree = "<group>"; };
		795FA6061FF338200057BDB0 /* GKTest03ViewController.m */ = {isa = PBXFileReference; fileEncoding = 4; lastKnownFileType = sourcecode.c.objc; path = GKTest03ViewController.m; sourceTree = "<group>"; };
		795FA6071FF338200057BDB0 /* GKTest02ViewController.m */ = {isa = PBXFileReference; fileEncoding = 4; lastKnownFileType = sourcecode.c.objc; path = GKTest02ViewController.m; sourceTree = "<group>"; };
		795FA6081FF338200057BDB0 /* GKTest02ViewCell.h */ = {isa = PBXFileReference; fileEncoding = 4; lastKnownFileType = sourcecode.c.h; path = GKTest02ViewCell.h; sourceTree = "<group>"; };
		795FA6091FF338200057BDB0 /* GKTest01ViewController.h */ = {isa = PBXFileReference; fileEncoding = 4; lastKnownFileType = sourcecode.c.h; path = GKTest01ViewController.h; sourceTree = "<group>"; };
		795FA6251FF3383E0057BDB0 /* PrefixHeader.pch */ = {isa = PBXFileReference; fileEncoding = 4; lastKnownFileType = sourcecode.c.h; path = PrefixHeader.pch; sourceTree = "<group>"; };
		795FA6261FF34F210057BDB0 /* GKPhotoBrowser.podspec */ = {isa = PBXFileReference; fileEncoding = 4; lastKnownFileType = text; name = GKPhotoBrowser.podspec; path = ../../GKPhotoBrowser.podspec; sourceTree = "<group>"; };
		795FA6271FF34F220057BDB0 /* README.md */ = {isa = PBXFileReference; fileEncoding = 4; lastKnownFileType = net.daringfireball.markdown; name = README.md; path = ../../README.md; sourceTree = "<group>"; };
		79B33754249111E100590023 /* test.gif */ = {isa = PBXFileReference; lastKnownFileType = image.gif; path = test.gif; sourceTree = "<group>"; };
		79C4206829C2AD5D00A0AB84 /* GKZFPlayerManager.h */ = {isa = PBXFileReference; lastKnownFileType = sourcecode.c.h; path = GKZFPlayerManager.h; sourceTree = "<group>"; };
		79C4206929C2AD5D00A0AB84 /* GKZFPlayerManager.m */ = {isa = PBXFileReference; lastKnownFileType = sourcecode.c.objc; path = GKZFPlayerManager.m; sourceTree = "<group>"; };
		E226CAABE93571C9A572D4E4 /* Pods_GKPhotoBrowserDemo.framework */ = {isa = PBXFileReference; explicitFileType = wrapper.framework; includeInIndex = 0; path = Pods_GKPhotoBrowserDemo.framework; sourceTree = BUILT_PRODUCTS_DIR; };
		EE7DA052FCA02BBA178A7C45 /* Pods-GKPhotoBrowserDemo.release.xcconfig */ = {isa = PBXFileReference; includeInIndex = 1; lastKnownFileType = text.xcconfig; name = "Pods-GKPhotoBrowserDemo.release.xcconfig"; path = "Pods/Target Support Files/Pods-GKPhotoBrowserDemo/Pods-GKPhotoBrowserDemo.release.xcconfig"; sourceTree = "<group>"; };
/* End PBXFileReference section */

/* Begin PBXFrameworksBuildPhase section */
		795FA5881FF333420057BDB0 /* Frameworks */ = {
			isa = PBXFrameworksBuildPhase;
			buildActionMask = 2147483647;
			files = (
				90EEF67CE4A0A3BDF6976160 /* Pods_GKPhotoBrowserDemo.framework in Frameworks */,
			);
			runOnlyForDeploymentPostprocessing = 0;
		};
		795FA5A01FF333420057BDB0 /* Frameworks */ = {
			isa = PBXFrameworksBuildPhase;
			buildActionMask = 2147483647;
			files = (
			);
			runOnlyForDeploymentPostprocessing = 0;
		};
		795FA5AB1FF333430057BDB0 /* Frameworks */ = {
			isa = PBXFrameworksBuildPhase;
			buildActionMask = 2147483647;
			files = (
			);
			runOnlyForDeploymentPostprocessing = 0;
		};
/* End PBXFrameworksBuildPhase section */

/* Begin PBXGroup section */
		60154B5C20D11D540000877A /* GIF */ = {
			isa = PBXGroup;
			children = (
				60154B5D20D11D6B0000877A /* GKGIFViewController.h */,
				60154B5E20D11D6B0000877A /* GKGIFViewController.m */,
			);
			path = GIF;
			sourceTree = "<group>";
		};
		60415CAE2121643E00D1D54B /* SDAutoLayout */ = {
			isa = PBXGroup;
			children = (
				60415CB02121648F00D1D54B /* GKSDAutoLayoutViewController.h */,
				60415CB12121648F00D1D54B /* GKSDAutoLayoutViewController.m */,
				602CC2DA21226AD500DE81BF /* GKTopView.h */,
				602CC2DB21226AD500DE81BF /* GKTopView.m */,
				60415CB82121750B00D1D54B /* GKBottomView.h */,
				60415CB92121750B00D1D54B /* GKBottomView.m */,
				60415CB62121715000D1D54B /* test.txt */,
			);
			path = SDAutoLayout;
			sourceTree = "<group>";
		};
		60F99013227159FB008150AE /* OriginImage */ = {
			isa = PBXGroup;
			children = (
				60F9901422715A18008150AE /* GKOriginImageViewController.h */,
				60F9901522715A18008150AE /* GKOriginImageViewController.m */,
			);
			path = OriginImage;
			sourceTree = "<group>";
		};
		7925A54D2A28913200972F47 /* LargeImage */ = {
			isa = PBXGroup;
			children = (
				7925A54E2A28914900972F47 /* GKLargeImageViewController.h */,
				7925A54F2A28914900972F47 /* GKLargeImageViewController.m */,
				7925A5512A28915700972F47 /* GKLargeImageManager.h */,
				7925A5522A28915700972F47 /* GKLargeImageManager.m */,
				7925A5542A28916100972F47 /* GKLargeImageView.h */,
				7925A5552A28916100972F47 /* GKLargeImageView.m */,
			);
			path = LargeImage;
			sourceTree = "<group>";
		};
		7927F0CD20A97F0C0017FD5B /* Test */ = {
			isa = PBXGroup;
			children = (
				7927F0CE20A97F280017FD5B /* GKTestViewController.h */,
				7927F0CF20A97F280017FD5B /* GKTestViewController.m */,
			);
			path = Test;
			sourceTree = "<group>";
		};
		795FA5821FF333420057BDB0 = {
			isa = PBXGroup;
			children = (
				795FA58D1FF333420057BDB0 /* GKPhotoBrowserDemo */,
				795FA58C1FF333420057BDB0 /* Products */,
				D046328ED89ACCCB7C7940DB /* Pods */,
				AC164CC01C3860407343047D /* Frameworks */,
			);
			sourceTree = "<group>";
		};
		795FA58C1FF333420057BDB0 /* Products */ = {
			isa = PBXGroup;
			children = (
				795FA58B1FF333420057BDB0 /* GKPhotoBrowserDemo.app */,
				795FA5A31FF333420057BDB0 /* GKPhotoBrowserDemoTests.xctest */,
				795FA5AE1FF333430057BDB0 /* GKPhotoBrowserDemoUITests.xctest */,
			);
			name = Products;
			sourceTree = "<group>";
		};
		795FA58D1FF333420057BDB0 /* GKPhotoBrowserDemo */ = {
			isa = PBXGroup;
			children = (
				795FA5DB1FF3381F0057BDB0 /* Classes */,
				795FA5971FF333420057BDB0 /* Assets.xcassets */,
				795FA5991FF333420057BDB0 /* LaunchScreen.storyboard */,
				795FA59C1FF333420057BDB0 /* Info.plist */,
				795FA59D1FF333420057BDB0 /* main.m */,
				795FA6251FF3383E0057BDB0 /* PrefixHeader.pch */,
				795FA6261FF34F210057BDB0 /* GKPhotoBrowser.podspec */,
				795FA6271FF34F220057BDB0 /* README.md */,
				600DD281230A3EA000A88D16 /* .travis.yml */,
				79B33754249111E100590023 /* test.gif */,
				608FC478254142EE003DB82F /* test.html */,
			);
			path = GKPhotoBrowserDemo;
			sourceTree = "<group>";
		};
		795FA5DB1FF3381F0057BDB0 /* Classes */ = {
			isa = PBXGroup;
			children = (
				795FA5DC1FF3381F0057BDB0 /* AppDelegate.h */,
				795FA5DD1FF3381F0057BDB0 /* AppDelegate.m */,
				795FA5DE1FF3381F0057BDB0 /* Main */,
			);
			path = Classes;
			sourceTree = "<group>";
		};
		795FA5DE1FF3381F0057BDB0 /* Main */ = {
			isa = PBXGroup;
			children = (
				795FA6031FF338200057BDB0 /* GKMainViewController.h */,
				795FA5DF1FF3381F0057BDB0 /* GKMainViewController.m */,
				795FA6041FF338200057BDB0 /* GKBaseViewController.h */,
				795FA5E61FF338200057BDB0 /* GKBaseViewController.m */,
				7907911B29B6E40A000D70A5 /* GKDemoViewController.h */,
				7907911C29B6E40A000D70A5 /* GKDemoViewController.m */,
				795FA6091FF338200057BDB0 /* GKTest01ViewController.h */,
				795FA5F21FF338200057BDB0 /* GKTest01ViewController.m */,
				795FA5E71FF338200057BDB0 /* GKTest02ViewController.h */,
				795FA6071FF338200057BDB0 /* GKTest02ViewController.m */,
				795FA5E41FF3381F0057BDB0 /* GKTest03ViewController.h */,
				795FA6061FF338200057BDB0 /* GKTest03ViewController.m */,
				60CAD8F5262E66D9003A36D7 /* GKTestVC.h */,
				60CAD8F6262E66D9003A36D7 /* GKTestVC.m */,
				795FA5F81FF338200057BDB0 /* WeChat */,
				795FA5E81FF338200057BDB0 /* Toutiao */,
				795FA5E11FF3381F0057BDB0 /* Jianshu */,
				60F99013227159FB008150AE /* OriginImage */,
				60154B5C20D11D540000877A /* GIF */,
				7925A54D2A28913200972F47 /* LargeImage */,
				60415CAE2121643E00D1D54B /* SDAutoLayout */,
				7927F0CD20A97F0C0017FD5B /* Test */,
				79C4206729C2AD4C00A0AB84 /* ZFPlayer */,
				795FA5F71FF338200057BDB0 /* GKPhotosView.h */,
				795FA5E01FF3381F0057BDB0 /* GKPhotosView.m */,
				795FA5E51FF338200057BDB0 /* GKTest01ViewCell.h */,
				795FA6051FF338200057BDB0 /* GKTest01ViewCell.m */,
				795FA6081FF338200057BDB0 /* GKTest02ViewCell.h */,
				795FA5F31FF338200057BDB0 /* GKTest02ViewCell.m */,
				795FA5F41FF338200057BDB0 /* GKCategory */,
			);
			path = Main;
			sourceTree = "<group>";
		};
		795FA5E11FF3381F0057BDB0 /* Jianshu */ = {
			isa = PBXGroup;
			children = (
				795FA5E21FF3381F0057BDB0 /* GKJianshuViewController.h */,
				795FA5E31FF3381F0057BDB0 /* GKJianshuViewController.m */,
			);
			path = Jianshu;
			sourceTree = "<group>";
		};
		795FA5E81FF338200057BDB0 /* Toutiao */ = {
			isa = PBXGroup;
			children = (
				795FA5F11FF338200057BDB0 /* GKToutiaoViewController.h */,
				795FA5EC1FF338200057BDB0 /* GKToutiaoViewController.m */,
				795FA5EF1FF338200057BDB0 /* GKToutiaoDetailViewController.h */,
				795FA5EA1FF338200057BDB0 /* GKToutiaoDetailViewController.m */,
				795FA5E91FF338200057BDB0 /* GKToutiaoModel.h */,
				795FA5ED1FF338200057BDB0 /* GKToutiaoModel.m */,
				795FA5EE1FF338200057BDB0 /* GKToutiaoViewCell.h */,
				795FA5EB1FF338200057BDB0 /* GKToutiaoViewCell.m */,
				795FA5F01FF338200057BDB0 /* toutiao.txt */,
			);
			path = Toutiao;
			sourceTree = "<group>";
		};
		795FA5F41FF338200057BDB0 /* GKCategory */ = {
			isa = PBXGroup;
			children = (
				795FA5F51FF338200057BDB0 /* UIView+GKFrame.h */,
				795FA5F61FF338200057BDB0 /* UIView+GKFrame.m */,
				606CD60425805EBF00290941 /* YYAnimatedImageView+GKExtension.h */,
				606CD60525805EBF00290941 /* YYAnimatedImageView+GKExtension.m */,
			);
			path = GKCategory;
			sourceTree = "<group>";
		};
		795FA5F81FF338200057BDB0 /* WeChat */ = {
			isa = PBXGroup;
			children = (
				795FA6021FF338200057BDB0 /* GKTimeLineViewController.h */,
				795FA5FD1FF338200057BDB0 /* GKTimeLineViewController.m */,
				60318BAD2498ACAD00ABC67B /* GKPublishViewController.h */,
				60318BAE2498ACAD00ABC67B /* GKPublishViewController.m */,
				7925A4E72A1F36D300972F47 /* GKChatViewController.h */,
				7925A4E82A1F36D300972F47 /* GKChatViewController.m */,
				795FA5FC1FF338200057BDB0 /* GKTimeLineModel.h */,
				795FA5FF1FF338200057BDB0 /* GKTimeLineModel.m */,
				795FA6001FF338200057BDB0 /* GKTimeLineViewCell.h */,
				795FA5FA1FF338200057BDB0 /* GKTimeLineViewCell.m */,
				7925A4EA2A1F37E200972F47 /* GKChatViewCell.h */,
				7925A4EB2A1F37E200972F47 /* GKChatViewCell.m */,
				7925A4EF2A20507400972F47 /* GKVideoProgressView.h */,
				7925A4F02A20507400972F47 /* GKVideoProgressView.m */,
				795FA6011FF338200057BDB0 /* timeline.txt */,
				7925A4ED2A1F3A1400972F47 /* chat.txt */,
			);
			path = WeChat;
			sourceTree = "<group>";
		};
		79C4206729C2AD4C00A0AB84 /* ZFPlayer */ = {
			isa = PBXGroup;
			children = (
				79C4206829C2AD5D00A0AB84 /* GKZFPlayerManager.h */,
				79C4206929C2AD5D00A0AB84 /* GKZFPlayerManager.m */,
			);
			path = ZFPlayer;
			sourceTree = "<group>";
		};
		AC164CC01C3860407343047D /* Frameworks */ = {
			isa = PBXGroup;
			children = (
				E226CAABE93571C9A572D4E4 /* Pods_GKPhotoBrowserDemo.framework */,
			);
			name = Frameworks;
			sourceTree = "<group>";
		};
		D046328ED89ACCCB7C7940DB /* Pods */ = {
			isa = PBXGroup;
			children = (
				1BD88472E22F06A033FA0CC2 /* Pods-GKPhotoBrowserDemo.debug.xcconfig */,
				EE7DA052FCA02BBA178A7C45 /* Pods-GKPhotoBrowserDemo.release.xcconfig */,
			);
			name = Pods;
			sourceTree = "<group>";
		};
/* End PBXGroup section */

/* Begin PBXNativeTarget section */
		795FA58A1FF333420057BDB0 /* GKPhotoBrowserDemo */ = {
			isa = PBXNativeTarget;
			buildConfigurationList = 795FA5B71FF333430057BDB0 /* Build configuration list for PBXNativeTarget "GKPhotoBrowserDemo" */;
			buildPhases = (
				0772BFFF35C87FD92302D665 /* [CP] Check Pods Manifest.lock */,
				795FA5871FF333420057BDB0 /* Sources */,
				795FA5881FF333420057BDB0 /* Frameworks */,
				795FA5891FF333420057BDB0 /* Resources */,
				97A440345E9F899EBB2359F3 /* [CP] Embed Pods Frameworks */,
				607090EA21082DC90041ED2D /* Embed Frameworks */,
			);
			buildRules = (
			);
			dependencies = (
			);
			name = GKPhotoBrowserDemo;
			productName = GKPhotoBrowserDemo;
			productReference = 795FA58B1FF333420057BDB0 /* GKPhotoBrowserDemo.app */;
			productType = "com.apple.product-type.application";
		};
		795FA5A21FF333420057BDB0 /* GKPhotoBrowserDemoTests */ = {
			isa = PBXNativeTarget;
			buildConfigurationList = 795FA5BA1FF333430057BDB0 /* Build configuration list for PBXNativeTarget "GKPhotoBrowserDemoTests" */;
			buildPhases = (
				795FA59F1FF333420057BDB0 /* Sources */,
				795FA5A01FF333420057BDB0 /* Frameworks */,
				795FA5A11FF333420057BDB0 /* Resources */,
			);
			buildRules = (
			);
			dependencies = (
				795FA5A51FF333420057BDB0 /* PBXTargetDependency */,
			);
			name = GKPhotoBrowserDemoTests;
			productName = GKPhotoBrowserDemoTests;
			productReference = 795FA5A31FF333420057BDB0 /* GKPhotoBrowserDemoTests.xctest */;
			productType = "com.apple.product-type.bundle.unit-test";
		};
		795FA5AD1FF333430057BDB0 /* GKPhotoBrowserDemoUITests */ = {
			isa = PBXNativeTarget;
			buildConfigurationList = 795FA5BD1FF333430057BDB0 /* Build configuration list for PBXNativeTarget "GKPhotoBrowserDemoUITests" */;
			buildPhases = (
				795FA5AA1FF333430057BDB0 /* Sources */,
				795FA5AB1FF333430057BDB0 /* Frameworks */,
				795FA5AC1FF333430057BDB0 /* Resources */,
			);
			buildRules = (
			);
			dependencies = (
				795FA5B01FF333430057BDB0 /* PBXTargetDependency */,
			);
			name = GKPhotoBrowserDemoUITests;
			productName = GKPhotoBrowserDemoUITests;
			productReference = 795FA5AE1FF333430057BDB0 /* GKPhotoBrowserDemoUITests.xctest */;
			productType = "com.apple.product-type.bundle.ui-testing";
		};
/* End PBXNativeTarget section */

/* Begin PBXProject section */
		795FA5831FF333420057BDB0 /* Project object */ = {
			isa = PBXProject;
			attributes = {
				LastUpgradeCheck = 1420;
				ORGANIZATIONNAME = QuintGao;
				TargetAttributes = {
					795FA58A1FF333420057BDB0 = {
						CreatedOnToolsVersion = 9.2;
						ProvisioningStyle = Automatic;
					};
					795FA5A21FF333420057BDB0 = {
						CreatedOnToolsVersion = 9.2;
						ProvisioningStyle = Automatic;
						TestTargetID = 795FA58A1FF333420057BDB0;
					};
					795FA5AD1FF333430057BDB0 = {
						CreatedOnToolsVersion = 9.2;
						ProvisioningStyle = Automatic;
						TestTargetID = 795FA58A1FF333420057BDB0;
					};
				};
			};
			buildConfigurationList = 795FA5861FF333420057BDB0 /* Build configuration list for PBXProject "GKPhotoBrowserDemo" */;
			compatibilityVersion = "Xcode 8.0";
			developmentRegion = en;
			hasScannedForEncodings = 0;
			knownRegions = (
				en,
				Base,
			);
			mainGroup = 795FA5821FF333420057BDB0;
			productRefGroup = 795FA58C1FF333420057BDB0 /* Products */;
			projectDirPath = "";
			projectRoot = "";
			targets = (
				795FA58A1FF333420057BDB0 /* GKPhotoBrowserDemo */,
				795FA5A21FF333420057BDB0 /* GKPhotoBrowserDemoTests */,
				795FA5AD1FF333430057BDB0 /* GKPhotoBrowserDemoUITests */,
			);
		};
/* End PBXProject section */

/* Begin PBXResourcesBuildPhase section */
		795FA5891FF333420057BDB0 /* Resources */ = {
			isa = PBXResourcesBuildPhase;
			buildActionMask = 2147483647;
			files = (
				795FA6281FF34F230057BDB0 /* GKPhotoBrowser.podspec in Resources */,
				795FA59B1FF333420057BDB0 /* LaunchScreen.storyboard in Resources */,
				608FC479254142EE003DB82F /* test.html in Resources */,
				79B33755249111E100590023 /* test.gif in Resources */,
				600DD282230A3EA000A88D16 /* .travis.yml in Resources */,
				795FA6161FF338200057BDB0 /* toutiao.txt in Resources */,
				795FA6201FF338200057BDB0 /* timeline.txt in Resources */,
				795FA6291FF34F230057BDB0 /* README.md in Resources */,
				60415CB72121715000D1D54B /* test.txt in Resources */,
				7925A4EE2A1F3A1400972F47 /* chat.txt in Resources */,
				795FA5981FF333420057BDB0 /* Assets.xcassets in Resources */,
			);
			runOnlyForDeploymentPostprocessing = 0;
		};
		795FA5A11FF333420057BDB0 /* Resources */ = {
			isa = PBXResourcesBuildPhase;
			buildActionMask = 2147483647;
			files = (
			);
			runOnlyForDeploymentPostprocessing = 0;
		};
		795FA5AC1FF333430057BDB0 /* Resources */ = {
			isa = PBXResourcesBuildPhase;
			buildActionMask = 2147483647;
			files = (
			);
			runOnlyForDeploymentPostprocessing = 0;
		};
/* End PBXResourcesBuildPhase section */

/* Begin PBXShellScriptBuildPhase section */
		0772BFFF35C87FD92302D665 /* [CP] Check Pods Manifest.lock */ = {
			isa = PBXShellScriptBuildPhase;
			buildActionMask = 2147483647;
			files = (
			);
			inputPaths = (
				"${PODS_PODFILE_DIR_PATH}/Podfile.lock",
				"${PODS_ROOT}/Manifest.lock",
			);
			name = "[CP] Check Pods Manifest.lock";
			outputPaths = (
				"$(DERIVED_FILE_DIR)/Pods-GKPhotoBrowserDemo-checkManifestLockResult.txt",
			);
			runOnlyForDeploymentPostprocessing = 0;
			shellPath = /bin/sh;
			shellScript = "diff \"${PODS_PODFILE_DIR_PATH}/Podfile.lock\" \"${PODS_ROOT}/Manifest.lock\" > /dev/null\nif [ $? != 0 ] ; then\n    # print error to STDERR\n    echo \"error: The sandbox is not in sync with the Podfile.lock. Run 'pod install' or update your CocoaPods installation.\" >&2\n    exit 1\nfi\n# This output is used by Xcode 'outputs' to avoid re-running this script phase.\necho \"SUCCESS\" > \"${SCRIPT_OUTPUT_FILE_0}\"\n";
			showEnvVarsInLog = 0;
		};
		97A440345E9F899EBB2359F3 /* [CP] Embed Pods Frameworks */ = {
			isa = PBXShellScriptBuildPhase;
			buildActionMask = 2147483647;
			files = (
			);
			inputPaths = (
				"${PODS_ROOT}/Target Support Files/Pods-GKPhotoBrowserDemo/Pods-GKPhotoBrowserDemo-frameworks.sh",
				"${BUILT_PRODUCTS_DIR}/AFNetworking/AFNetworking.framework",
				"${BUILT_PRODUCTS_DIR}/GKCover/GKCover.framework",
				"${BUILT_PRODUCTS_DIR}/GKMessageTool/GKMessageTool.framework",
				"${BUILT_PRODUCTS_DIR}/GKNavigationBar/GKNavigationBar.framework",
				"${BUILT_PRODUCTS_DIR}/GKPhotoBrowser/GKPhotoBrowser.framework",
				"${BUILT_PRODUCTS_DIR}/GKSliderView/GKSliderView.framework",
				"${BUILT_PRODUCTS_DIR}/MBProgressHUD/MBProgressHUD.framework",
				"${BUILT_PRODUCTS_DIR}/Masonry/Masonry.framework",
				"${BUILT_PRODUCTS_DIR}/SDAutoLayout/SDAutoLayout.framework",
				"${BUILT_PRODUCTS_DIR}/SDWebImage/SDWebImage.framework",
				"${BUILT_PRODUCTS_DIR}/TZImagePickerController/TZImagePickerController.framework",
				"${BUILT_PRODUCTS_DIR}/YYCache/YYCache.framework",
				"${BUILT_PRODUCTS_DIR}/YYImage/YYImage.framework",
				"${BUILT_PRODUCTS_DIR}/YYModel/YYModel.framework",
				"${BUILT_PRODUCTS_DIR}/YYWebImage/YYWebImage.framework",
			);
			name = "[CP] Embed Pods Frameworks";
			outputPaths = (
				"${TARGET_BUILD_DIR}/${FRAMEWORKS_FOLDER_PATH}/AFNetworking.framework",
				"${TARGET_BUILD_DIR}/${FRAMEWORKS_FOLDER_PATH}/GKCover.framework",
				"${TARGET_BUILD_DIR}/${FRAMEWORKS_FOLDER_PATH}/GKMessageTool.framework",
				"${TARGET_BUILD_DIR}/${FRAMEWORKS_FOLDER_PATH}/GKNavigationBar.framework",
				"${TARGET_BUILD_DIR}/${FRAMEWORKS_FOLDER_PATH}/GKPhotoBrowser.framework",
				"${TARGET_BUILD_DIR}/${FRAMEWORKS_FOLDER_PATH}/GKSliderView.framework",
				"${TARGET_BUILD_DIR}/${FRAMEWORKS_FOLDER_PATH}/MBProgressHUD.framework",
				"${TARGET_BUILD_DIR}/${FRAMEWORKS_FOLDER_PATH}/Masonry.framework",
				"${TARGET_BUILD_DIR}/${FRAMEWORKS_FOLDER_PATH}/SDAutoLayout.framework",
				"${TARGET_BUILD_DIR}/${FRAMEWORKS_FOLDER_PATH}/SDWebImage.framework",
				"${TARGET_BUILD_DIR}/${FRAMEWORKS_FOLDER_PATH}/TZImagePickerController.framework",
				"${TARGET_BUILD_DIR}/${FRAMEWORKS_FOLDER_PATH}/YYCache.framework",
				"${TARGET_BUILD_DIR}/${FRAMEWORKS_FOLDER_PATH}/YYImage.framework",
				"${TARGET_BUILD_DIR}/${FRAMEWORKS_FOLDER_PATH}/YYModel.framework",
				"${TARGET_BUILD_DIR}/${FRAMEWORKS_FOLDER_PATH}/YYWebImage.framework",
			);
			runOnlyForDeploymentPostprocessing = 0;
			shellPath = /bin/sh;
			shellScript = "\"${PODS_ROOT}/Target Support Files/Pods-GKPhotoBrowserDemo/Pods-GKPhotoBrowserDemo-frameworks.sh\"\n";
			showEnvVarsInLog = 0;
		};
/* End PBXShellScriptBuildPhase section */

/* Begin PBXSourcesBuildPhase section */
		795FA5871FF333420057BDB0 /* Sources */ = {
			isa = PBXSourcesBuildPhase;
			buildActionMask = 2147483647;
			files = (
				795FA60D1FF338200057BDB0 /* AppDelegate.m in Sources */,
				795FA6171FF338200057BDB0 /* GKTest01ViewController.m in Sources */,
				7907911D29B6E40A000D70A5 /* GKDemoViewController.m in Sources */,
				795FA6181FF338200057BDB0 /* GKTest02ViewCell.m in Sources */,
				795FA6191FF338200057BDB0 /* UIView+GKFrame.m in Sources */,
				7925A5532A28915700972F47 /* GKLargeImageManager.m in Sources */,
				602CC2DC21226AD500DE81BF /* GKTopView.m in Sources */,
				795FA6141FF338200057BDB0 /* GKToutiaoViewController.m in Sources */,
				795FA6151FF338200057BDB0 /* GKToutiaoModel.m in Sources */,
				795FA6121FF338200057BDB0 /* GKToutiaoDetailViewController.m in Sources */,
				7927F0D020A97F280017FD5B /* GKTestViewController.m in Sources */,
				60415CBA2121750B00D1D54B /* GKBottomView.m in Sources */,
				60318BAF2498ACAD00ABC67B /* GKPublishViewController.m in Sources */,
				60F9901622715A18008150AE /* GKOriginImageViewController.m in Sources */,
				795FA6111FF338200057BDB0 /* GKBaseViewController.m in Sources */,
				795FA6211FF338200057BDB0 /* GKTest01ViewCell.m in Sources */,
				7925A5562A28916100972F47 /* GKLargeImageView.m in Sources */,
				7925A4E92A1F36D300972F47 /* GKChatViewController.m in Sources */,
				795FA61F1FF338200057BDB0 /* GKTimeLineModel.m in Sources */,
				60415CB22121648F00D1D54B /* GKSDAutoLayoutViewController.m in Sources */,
				795FA59E1FF333420057BDB0 /* main.m in Sources */,
				795FA6131FF338200057BDB0 /* GKToutiaoViewCell.m in Sources */,
				795FA6221FF338200057BDB0 /* GKTest03ViewController.m in Sources */,
				795FA61B1FF338200057BDB0 /* GKTimeLineViewCell.m in Sources */,
				7925A5502A28914900972F47 /* GKLargeImageViewController.m in Sources */,
				606CD60625805EBF00290941 /* YYAnimatedImageView+GKExtension.m in Sources */,
				60154B5F20D11D6B0000877A /* GKGIFViewController.m in Sources */,
				7925A4EC2A1F37E200972F47 /* GKChatViewCell.m in Sources */,
				795FA60F1FF338200057BDB0 /* GKPhotosView.m in Sources */,
				795FA60E1FF338200057BDB0 /* GKMainViewController.m in Sources */,
				795FA6101FF338200057BDB0 /* GKJianshuViewController.m in Sources */,
				795FA6231FF338200057BDB0 /* GKTest02ViewController.m in Sources */,
				7925A4F12A20507400972F47 /* GKVideoProgressView.m in Sources */,
				795FA61D1FF338200057BDB0 /* GKTimeLineViewController.m in Sources */,
				79C4206A29C2AD5D00A0AB84 /* GKZFPlayerManager.m in Sources */,
				60CAD8F7262E66D9003A36D7 /* GKTestVC.m in Sources */,
			);
			runOnlyForDeploymentPostprocessing = 0;
		};
		795FA59F1FF333420057BDB0 /* Sources */ = {
			isa = PBXSourcesBuildPhase;
			buildActionMask = 2147483647;
			files = (
			);
			runOnlyForDeploymentPostprocessing = 0;
		};
		795FA5AA1FF333430057BDB0 /* Sources */ = {
			isa = PBXSourcesBuildPhase;
			buildActionMask = 2147483647;
			files = (
			);
			runOnlyForDeploymentPostprocessing = 0;
		};
/* End PBXSourcesBuildPhase section */

/* Begin PBXTargetDependency section */
		795FA5A51FF333420057BDB0 /* PBXTargetDependency */ = {
			isa = PBXTargetDependency;
			target = 795FA58A1FF333420057BDB0 /* GKPhotoBrowserDemo */;
			targetProxy = 795FA5A41FF333420057BDB0 /* PBXContainerItemProxy */;
		};
		795FA5B01FF333430057BDB0 /* PBXTargetDependency */ = {
			isa = PBXTargetDependency;
			target = 795FA58A1FF333420057BDB0 /* GKPhotoBrowserDemo */;
			targetProxy = 795FA5AF1FF333430057BDB0 /* PBXContainerItemProxy */;
		};
/* End PBXTargetDependency section */

/* Begin PBXVariantGroup section */
		795FA5991FF333420057BDB0 /* LaunchScreen.storyboard */ = {
			isa = PBXVariantGroup;
			children = (
				795FA59A1FF333420057BDB0 /* Base */,
			);
			name = LaunchScreen.storyboard;
			sourceTree = "<group>";
		};
/* End PBXVariantGroup section */

/* Begin XCBuildConfiguration section */
		795FA5B51FF333430057BDB0 /* Debug */ = {
			isa = XCBuildConfiguration;
			buildSettings = {
				ALWAYS_SEARCH_USER_PATHS = NO;
				CLANG_ANALYZER_NONNULL = YES;
				CLANG_ANALYZER_NUMBER_OBJECT_CONVERSION = YES_AGGRESSIVE;
				CLANG_CXX_LANGUAGE_STANDARD = "gnu++14";
				CLANG_CXX_LIBRARY = "libc++";
				CLANG_ENABLE_MODULES = YES;
				CLANG_ENABLE_OBJC_ARC = YES;
				CLANG_WARN_BLOCK_CAPTURE_AUTORELEASING = YES;
				CLANG_WARN_BOOL_CONVERSION = YES;
				CLANG_WARN_COMMA = YES;
				CLANG_WARN_CONSTANT_CONVERSION = YES;
				CLANG_WARN_DEPRECATED_OBJC_IMPLEMENTATIONS = YES;
				CLANG_WARN_DIRECT_OBJC_ISA_USAGE = YES_ERROR;
				CLANG_WARN_DOCUMENTATION_COMMENTS = YES;
				CLANG_WARN_EMPTY_BODY = YES;
				CLANG_WARN_ENUM_CONVERSION = YES;
				CLANG_WARN_INFINITE_RECURSION = YES;
				CLANG_WARN_INT_CONVERSION = YES;
				CLANG_WARN_NON_LITERAL_NULL_CONVERSION = YES;
				CLANG_WARN_OBJC_IMPLICIT_RETAIN_SELF = YES;
				CLANG_WARN_OBJC_LITERAL_CONVERSION = YES;
				CLANG_WARN_OBJC_ROOT_CLASS = YES_ERROR;
				CLANG_WARN_QUOTED_INCLUDE_IN_FRAMEWORK_HEADER = YES;
				CLANG_WARN_RANGE_LOOP_ANALYSIS = YES;
				CLANG_WARN_STRICT_PROTOTYPES = YES;
				CLANG_WARN_SUSPICIOUS_MOVE = YES;
				CLANG_WARN_UNGUARDED_AVAILABILITY = YES_AGGRESSIVE;
				CLANG_WARN_UNREACHABLE_CODE = YES;
				CLANG_WARN__DUPLICATE_METHOD_MATCH = YES;
				CODE_SIGN_IDENTITY = "iPhone Developer";
				COPY_PHASE_STRIP = NO;
				DEBUG_INFORMATION_FORMAT = dwarf;
				ENABLE_STRICT_OBJC_MSGSEND = YES;
				ENABLE_TESTABILITY = YES;
				GCC_C_LANGUAGE_STANDARD = gnu11;
				GCC_DYNAMIC_NO_PIC = NO;
				GCC_NO_COMMON_BLOCKS = YES;
				GCC_OPTIMIZATION_LEVEL = 0;
				GCC_PREPROCESSOR_DEFINITIONS = (
					"DEBUG=1",
					"$(inherited)",
				);
				GCC_WARN_64_TO_32_BIT_CONVERSION = YES;
				GCC_WARN_ABOUT_RETURN_TYPE = YES_ERROR;
				GCC_WARN_UNDECLARED_SELECTOR = YES;
				GCC_WARN_UNINITIALIZED_AUTOS = YES_AGGRESSIVE;
				GCC_WARN_UNUSED_FUNCTION = YES;
				GCC_WARN_UNUSED_VARIABLE = YES;
				IPHONEOS_DEPLOYMENT_TARGET = 9.0;
				MTL_ENABLE_DEBUG_INFO = YES;
				ONLY_ACTIVE_ARCH = YES;
				SDKROOT = iphoneos;
			};
			name = Debug;
		};
		795FA5B61FF333430057BDB0 /* Release */ = {
			isa = XCBuildConfiguration;
			buildSettings = {
				ALWAYS_SEARCH_USER_PATHS = NO;
				CLANG_ANALYZER_NONNULL = YES;
				CLANG_ANALYZER_NUMBER_OBJECT_CONVERSION = YES_AGGRESSIVE;
				CLANG_CXX_LANGUAGE_STANDARD = "gnu++14";
				CLANG_CXX_LIBRARY = "libc++";
				CLANG_ENABLE_MODULES = YES;
				CLANG_ENABLE_OBJC_ARC = YES;
				CLANG_WARN_BLOCK_CAPTURE_AUTORELEASING = YES;
				CLANG_WARN_BOOL_CONVERSION = YES;
				CLANG_WARN_COMMA = YES;
				CLANG_WARN_CONSTANT_CONVERSION = YES;
				CLANG_WARN_DEPRECATED_OBJC_IMPLEMENTATIONS = YES;
				CLANG_WARN_DIRECT_OBJC_ISA_USAGE = YES_ERROR;
				CLANG_WARN_DOCUMENTATION_COMMENTS = YES;
				CLANG_WARN_EMPTY_BODY = YES;
				CLANG_WARN_ENUM_CONVERSION = YES;
				CLANG_WARN_INFINITE_RECURSION = YES;
				CLANG_WARN_INT_CONVERSION = YES;
				CLANG_WARN_NON_LITERAL_NULL_CONVERSION = YES;
				CLANG_WARN_OBJC_IMPLICIT_RETAIN_SELF = YES;
				CLANG_WARN_OBJC_LITERAL_CONVERSION = YES;
				CLANG_WARN_OBJC_ROOT_CLASS = YES_ERROR;
				CLANG_WARN_QUOTED_INCLUDE_IN_FRAMEWORK_HEADER = YES;
				CLANG_WARN_RANGE_LOOP_ANALYSIS = YES;
				CLANG_WARN_STRICT_PROTOTYPES = YES;
				CLANG_WARN_SUSPICIOUS_MOVE = YES;
				CLANG_WARN_UNGUARDED_AVAILABILITY = YES_AGGRESSIVE;
				CLANG_WARN_UNREACHABLE_CODE = YES;
				CLANG_WARN__DUPLICATE_METHOD_MATCH = YES;
				CODE_SIGN_IDENTITY = "iPhone Developer";
				COPY_PHASE_STRIP = NO;
				DEBUG_INFORMATION_FORMAT = "dwarf-with-dsym";
				ENABLE_NS_ASSERTIONS = NO;
				ENABLE_STRICT_OBJC_MSGSEND = YES;
				GCC_C_LANGUAGE_STANDARD = gnu11;
				GCC_NO_COMMON_BLOCKS = YES;
				GCC_WARN_64_TO_32_BIT_CONVERSION = YES;
				GCC_WARN_ABOUT_RETURN_TYPE = YES_ERROR;
				GCC_WARN_UNDECLARED_SELECTOR = YES;
				GCC_WARN_UNINITIALIZED_AUTOS = YES_AGGRESSIVE;
				GCC_WARN_UNUSED_FUNCTION = YES;
				GCC_WARN_UNUSED_VARIABLE = YES;
				IPHONEOS_DEPLOYMENT_TARGET = 9.0;
				MTL_ENABLE_DEBUG_INFO = NO;
				SDKROOT = iphoneos;
				VALIDATE_PRODUCT = YES;
			};
			name = Release;
		};
		795FA5B81FF333430057BDB0 /* Debug */ = {
			isa = XCBuildConfiguration;
			baseConfigurationReference = 1BD88472E22F06A033FA0CC2 /* Pods-GKPhotoBrowserDemo.debug.xcconfig */;
			buildSettings = {
				ASSETCATALOG_COMPILER_APPICON_NAME = AppIcon;
				CODE_SIGN_IDENTITY = "Apple Development";
				CODE_SIGN_STYLE = Automatic;
				DEVELOPMENT_TEAM = 27K7U9AVTS;
				EXCLUDED_ARCHS = "";
				GCC_PREFIX_HEADER = GKPhotoBrowserDemo/PrefixHeader.pch;
				INFOPLIST_FILE = GKPhotoBrowserDemo/Info.plist;
				INFOPLIST_KEY_CFBundleDisplayName = GKPhotoBrowser;
				IPHONEOS_DEPLOYMENT_TARGET = 11.0;
				LD_RUNPATH_SEARCH_PATHS = "$(inherited) @executable_path/Frameworks";
				PRODUCT_BUNDLE_IDENTIFIER = com.test.GKPhotoBrowser;
				PRODUCT_NAME = "$(TARGET_NAME)";
				PROVISIONING_PROFILE = "";
				PROVISIONING_PROFILE_SPECIFIER = "";
				TARGETED_DEVICE_FAMILY = "1,2";
			};
			name = Debug;
		};
		795FA5B91FF333430057BDB0 /* Release */ = {
			isa = XCBuildConfiguration;
			baseConfigurationReference = EE7DA052FCA02BBA178A7C45 /* Pods-GKPhotoBrowserDemo.release.xcconfig */;
			buildSettings = {
				ASSETCATALOG_COMPILER_APPICON_NAME = AppIcon;
				CODE_SIGN_IDENTITY = "Apple Development";
				CODE_SIGN_STYLE = Automatic;
				DEVELOPMENT_TEAM = 27K7U9AVTS;
				EXCLUDED_ARCHS = "";
				GCC_PREFIX_HEADER = GKPhotoBrowserDemo/PrefixHeader.pch;
				INFOPLIST_FILE = GKPhotoBrowserDemo/Info.plist;
				INFOPLIST_KEY_CFBundleDisplayName = GKPhotoBrowser;
				IPHONEOS_DEPLOYMENT_TARGET = 11.0;
				LD_RUNPATH_SEARCH_PATHS = "$(inherited) @executable_path/Frameworks";
				PRODUCT_BUNDLE_IDENTIFIER = com.test.GKPhotoBrowser;
				PRODUCT_NAME = "$(TARGET_NAME)";
				PROVISIONING_PROFILE = "";
				PROVISIONING_PROFILE_SPECIFIER = "";
				TARGETED_DEVICE_FAMILY = "1,2";
			};
			name = Release;
		};
		795FA5BB1FF333430057BDB0 /* Debug */ = {
			isa = XCBuildConfiguration;
			buildSettings = {
				BUNDLE_LOADER = "$(TEST_HOST)";
				CODE_SIGN_STYLE = Automatic;
				DEVELOPMENT_TEAM = 85SKD6C7ZZ;
				EXCLUDED_ARCHS = "";
				INFOPLIST_FILE = GKPhotoBrowserDemoTests/Info.plist;
				LD_RUNPATH_SEARCH_PATHS = "$(inherited) @executable_path/Frameworks @loader_path/Frameworks";
				PRODUCT_BUNDLE_IDENTIFIER = com.aiyinsitanfm.GKPhotoBrowserDemoTests;
				PRODUCT_NAME = "$(TARGET_NAME)";
				TARGETED_DEVICE_FAMILY = "1,2";
				TEST_HOST = "$(BUILT_PRODUCTS_DIR)/GKPhotoBrowserDemo.app/GKPhotoBrowserDemo";
			};
			name = Debug;
		};
		795FA5BC1FF333430057BDB0 /* Release */ = {
			isa = XCBuildConfiguration;
			buildSettings = {
				BUNDLE_LOADER = "$(TEST_HOST)";
				CODE_SIGN_STYLE = Automatic;
				DEVELOPMENT_TEAM = 85SKD6C7ZZ;
				EXCLUDED_ARCHS = "";
				INFOPLIST_FILE = GKPhotoBrowserDemoTests/Info.plist;
				LD_RUNPATH_SEARCH_PATHS = "$(inherited) @executable_path/Frameworks @loader_path/Frameworks";
				PRODUCT_BUNDLE_IDENTIFIER = com.aiyinsitanfm.GKPhotoBrowserDemoTests;
				PRODUCT_NAME = "$(TARGET_NAME)";
				TARGETED_DEVICE_FAMILY = "1,2";
				TEST_HOST = "$(BUILT_PRODUCTS_DIR)/GKPhotoBrowserDemo.app/GKPhotoBrowserDemo";
			};
			name = Release;
		};
		795FA5BE1FF333430057BDB0 /* Debug */ = {
			isa = XCBuildConfiguration;
			buildSettings = {
				CODE_SIGN_STYLE = Automatic;
				DEVELOPMENT_TEAM = 85SKD6C7ZZ;
				INFOPLIST_FILE = GKPhotoBrowserDemoUITests/Info.plist;
				LD_RUNPATH_SEARCH_PATHS = "$(inherited) @executable_path/Frameworks @loader_path/Frameworks";
				PRODUCT_BUNDLE_IDENTIFIER = com.aiyinsitanfm.GKPhotoBrowserDemoUITests;
				PRODUCT_NAME = "$(TARGET_NAME)";
				TARGETED_DEVICE_FAMILY = "1,2";
				TEST_TARGET_NAME = GKPhotoBrowserDemo;
			};
			name = Debug;
		};
		795FA5BF1FF333430057BDB0 /* Release */ = {
			isa = XCBuildConfiguration;
			buildSettings = {
				CODE_SIGN_STYLE = Automatic;
				DEVELOPMENT_TEAM = 85SKD6C7ZZ;
				INFOPLIST_FILE = GKPhotoBrowserDemoUITests/Info.plist;
				LD_RUNPATH_SEARCH_PATHS = "$(inherited) @executable_path/Frameworks @loader_path/Frameworks";
				PRODUCT_BUNDLE_IDENTIFIER = com.aiyinsitanfm.GKPhotoBrowserDemoUITests;
				PRODUCT_NAME = "$(TARGET_NAME)";
				TARGETED_DEVICE_FAMILY = "1,2";
				TEST_TARGET_NAME = GKPhotoBrowserDemo;
			};
			name = Release;
		};
/* End XCBuildConfiguration section */

/* Begin XCConfigurationList section */
		795FA5861FF333420057BDB0 /* Build configuration list for PBXProject "GKPhotoBrowserDemo" */ = {
			isa = XCConfigurationList;
			buildConfigurations = (
				795FA5B51FF333430057BDB0 /* Debug */,
				795FA5B61FF333430057BDB0 /* Release */,
			);
			defaultConfigurationIsVisible = 0;
			defaultConfigurationName = Release;
		};
		795FA5B71FF333430057BDB0 /* Build configuration list for PBXNativeTarget "GKPhotoBrowserDemo" */ = {
			isa = XCConfigurationList;
			buildConfigurations = (
				795FA5B81FF333430057BDB0 /* Debug */,
				795FA5B91FF333430057BDB0 /* Release */,
			);
			defaultConfigurationIsVisible = 0;
			defaultConfigurationName = Release;
		};
		795FA5BA1FF333430057BDB0 /* Build configuration list for PBXNativeTarget "GKPhotoBrowserDemoTests" */ = {
			isa = XCConfigurationList;
			buildConfigurations = (
				795FA5BB1FF333430057BDB0 /* Debug */,
				795FA5BC1FF333430057BDB0 /* Release */,
			);
			defaultConfigurationIsVisible = 0;
			defaultConfigurationName = Release;
		};
		795FA5BD1FF333430057BDB0 /* Build configuration list for PBXNativeTarget "GKPhotoBrowserDemoUITests" */ = {
			isa = XCConfigurationList;
			buildConfigurations = (
				795FA5BE1FF333430057BDB0 /* Debug */,
				795FA5BF1FF333430057BDB0 /* Release */,
			);
			defaultConfigurationIsVisible = 0;
			defaultConfigurationName = Release;
		};
/* End XCConfigurationList section */
	};
	rootObject = 795FA5831FF333420057BDB0 /* Project object */;
}
