PODS:
  - AFNetworking (4.0.1):
    - AFNetworking/NSURLSession (= 4.0.1)
    - AFNetworking/Reachability (= 4.0.1)
    - AFNetworking/Security (= 4.0.1)
    - AFNetworking/Serialization (= 4.0.1)
    - AFNetworking/UIKit (= 4.0.1)
  - AFNetworking/NSURLSession (4.0.1):
    - AFNetworking/Reachability
    - AFNetworking/Security
    - AFNetworking/Serialization
  - AFNetworking/Reachability (4.0.1)
  - AFNetworking/Security (4.0.1)
  - AFNetworking/Serialization (4.0.1)
  - AFNetworking/UIKit (4.0.1):
    - AFNetworking/NSURLSession
  - GKCover (2.5.5)
  - GKNavigationBarViewController (2.5.7)
  - SDAutoLayout (2.2.1)
  - SDWebImage (5.8.4):
    - SDWebImage/Core (= 5.8.4)
  - SDWebImage/Core (5.8.4)
  - SVProgressHUD (2.2.5)
  - TZImagePickerController (3.4.2)
  - YYCache (1.0.4)
  - YYImage (1.0.4):
    - YYImage/Core (= 1.0.4)
  - YYImage/Core (1.0.4)
  - YYModel (1.0.4)
  - YYWebImage (1.0.5):
    - YYCache
    - YYImage

DEPENDENCIES:
  - AFNetworking
  - GKCover
  - GKNavigationBarViewController
  - SDAutoLayout
  - SDWebImage
  - SVProgressHUD
  - TZImagePickerController
  - YYModel
  - YYWebImage (~> 1.0.5)

SPEC REPOS:
  https://github.com/CocoaPods/Specs.git:
    - AFNetworking
    - GKCover
    - GKNavigationBarViewController
    - SDAutoLayout
    - SDWebImage
    - SVProgressHUD
    - TZImagePickerController
    - YYCache
    - YYImage
    - YYModel
    - YYWebImage

SPEC CHECKSUMS:
  AFNetworking: 7864c38297c79aaca1500c33288e429c3451fdce
  GKCover: 54663b6ee16ea0b4c0e203a0ffd5a0622223af6e
  GKNavigationBarViewController: b35372e39f7f48d5ecb867046b086eab3bd5df79
  SDAutoLayout: 8bf6b3bbc8b01f775d4defbb4fda2ace805461be
  SDWebImage: cf6922231e95550934da2ada0f20f2becf2ceba9
  SVProgressHUD: 1428aafac632c1f86f62aa4243ec12008d7a51d6
  TZImagePickerController: cc0b74d5f01ab4cddcc24dcdfc3c7d68e6261056
  YYCache: 8105b6638f5e849296c71f331ff83891a4942952
  YYImage: 1e1b62a9997399593e4b9c4ecfbbabbf1d3f3b54
  YYModel: 2a7fdd96aaa4b86a824e26d0c517de8928c04b30
  YYWebImage: 5f7f36aee2ae293f016d418c7d6ba05c4863e928

PODFILE CHECKSUM: 88d223402529b4060d026017c0396cff1c3347ef

COCOAPODS: 1.10.0.beta.2
