// !$*UTF8*$!
{
	archiveVersion = 1;
	classes = {
	};
	objectVersion = 48;
	objects = {

/* Begin PBXBuildFile section */
		793D011D1FF7651C0053A2E9 /* Assets.xcassets in Resources */ = {isa = PBXBuildFile; fileRef = 793D011C1FF7651C0053A2E9 /* Assets.xcassets */; };
		793D01201FF7651C0053A2E9 /* LaunchScreen.storyboard in Resources */ = {isa = PBXBuildFile; fileRef = 793D011E1FF7651C0053A2E9 /* LaunchScreen.storyboard */; };
		793D01231FF7651C0053A2E9 /* main.m in Sources */ = {isa = PBXBuildFile; fileRef = 793D01221FF7651C0053A2E9 /* main.m */; };
		793D012D1FF7651C0053A2E9 /* GKPhotoBrowserPodTests.m in Sources */ = {isa = PBXBuildFile; fileRef = 793D012C1FF7651C0053A2E9 /* GKPhotoBrowserPodTests.m */; };
		793D01381FF7651C0053A2E9 /* GKPhotoBrowserPodUITests.m in Sources */ = {isa = PBXBuildFile; fileRef = 793D01371FF7651C0053A2E9 /* GKPhotoBrowserPodUITests.m */; };
		793D01751FF7663B0053A2E9 /* AppDelegate.m in Sources */ = {isa = PBXBuildFile; fileRef = 793D01471FF7663B0053A2E9 /* AppDelegate.m */; };
		793D01761FF7663B0053A2E9 /* GKMainViewController.m in Sources */ = {isa = PBXBuildFile; fileRef = 793D01491FF7663B0053A2E9 /* GKMainViewController.m */; };
		793D01771FF7663B0053A2E9 /* GKPhotosView.m in Sources */ = {isa = PBXBuildFile; fileRef = 793D014A1FF7663B0053A2E9 /* GKPhotosView.m */; };
		793D01781FF7663B0053A2E9 /* GKJianshuViewController.m in Sources */ = {isa = PBXBuildFile; fileRef = 793D014D1FF7663B0053A2E9 /* GKJianshuViewController.m */; };
		793D01791FF7663B0053A2E9 /* GKBaseViewController.m in Sources */ = {isa = PBXBuildFile; fileRef = 793D01501FF7663B0053A2E9 /* GKBaseViewController.m */; };
		793D017A1FF7663B0053A2E9 /* GKToutiaoDetailViewController.m in Sources */ = {isa = PBXBuildFile; fileRef = 793D01541FF7663B0053A2E9 /* GKToutiaoDetailViewController.m */; };
		793D017B1FF7663B0053A2E9 /* GKToutiaoViewCell.m in Sources */ = {isa = PBXBuildFile; fileRef = 793D01551FF7663B0053A2E9 /* GKToutiaoViewCell.m */; };
		793D017C1FF7663B0053A2E9 /* GKToutiaoViewController.m in Sources */ = {isa = PBXBuildFile; fileRef = 793D01561FF7663B0053A2E9 /* GKToutiaoViewController.m */; };
		793D017D1FF7663B0053A2E9 /* GKToutiaoModel.m in Sources */ = {isa = PBXBuildFile; fileRef = 793D01571FF7663B0053A2E9 /* GKToutiaoModel.m */; };
		793D017E1FF7663B0053A2E9 /* toutiao.txt in Resources */ = {isa = PBXBuildFile; fileRef = 793D015A1FF7663B0053A2E9 /* toutiao.txt */; };
		793D017F1FF7663B0053A2E9 /* GKTest01ViewController.m in Sources */ = {isa = PBXBuildFile; fileRef = 793D015C1FF7663B0053A2E9 /* GKTest01ViewController.m */; };
		793D01801FF7663B0053A2E9 /* GKTest02ViewCell.m in Sources */ = {isa = PBXBuildFile; fileRef = 793D015D1FF7663B0053A2E9 /* GKTest02ViewCell.m */; };
		793D01811FF7663B0053A2E9 /* UIView+GKFrame.m in Sources */ = {isa = PBXBuildFile; fileRef = 793D01601FF7663B0053A2E9 /* UIView+GKFrame.m */; };
		793D01821FF7663B0053A2E9 /* GKTimeLineViewCell.m in Sources */ = {isa = PBXBuildFile; fileRef = 793D01631FF7663B0053A2E9 /* GKTimeLineViewCell.m */; };
		793D01831FF7663B0053A2E9 /* GKTimeLineViewController.m in Sources */ = {isa = PBXBuildFile; fileRef = 793D01651FF7663B0053A2E9 /* GKTimeLineViewController.m */; };
		793D01841FF7663B0053A2E9 /* timeline.json in Resources */ = {isa = PBXBuildFile; fileRef = 793D01661FF7663B0053A2E9 /* timeline.json */; };
		793D01851FF7663B0053A2E9 /* GKTimeLineModel.m in Sources */ = {isa = PBXBuildFile; fileRef = 793D01671FF7663B0053A2E9 /* GKTimeLineModel.m */; };
		793D01861FF7663B0053A2E9 /* timeline.txt in Resources */ = {isa = PBXBuildFile; fileRef = 793D01691FF7663B0053A2E9 /* timeline.txt */; };
		793D01871FF7663B0053A2E9 /* GKTest01ViewCell.m in Sources */ = {isa = PBXBuildFile; fileRef = 793D016D1FF7663B0053A2E9 /* GKTest01ViewCell.m */; };
		793D01881FF7663B0053A2E9 /* GKTest03ViewController.m in Sources */ = {isa = PBXBuildFile; fileRef = 793D016E1FF7663B0053A2E9 /* GKTest03ViewController.m */; };
		793D01891FF7663B0053A2E9 /* GKTest02ViewController.m in Sources */ = {isa = PBXBuildFile; fileRef = 793D016F1FF7663B0053A2E9 /* GKTest02ViewController.m */; };
		F3B1ECAE6E6AB669DA0A0AED /* Pods_GKPhotoBrowserPod.framework in Frameworks */ = {isa = PBXBuildFile; fileRef = 7814AE75A96A31E32F710D7D /* Pods_GKPhotoBrowserPod.framework */; };
/* End PBXBuildFile section */

/* Begin PBXContainerItemProxy section */
		793D01291FF7651C0053A2E9 /* PBXContainerItemProxy */ = {
			isa = PBXContainerItemProxy;
			containerPortal = 793D01081FF7651B0053A2E9 /* Project object */;
			proxyType = 1;
			remoteGlobalIDString = 793D010F1FF7651C0053A2E9;
			remoteInfo = GKPhotoBrowserPod;
		};
		793D01341FF7651C0053A2E9 /* PBXContainerItemProxy */ = {
			isa = PBXContainerItemProxy;
			containerPortal = 793D01081FF7651B0053A2E9 /* Project object */;
			proxyType = 1;
			remoteGlobalIDString = 793D010F1FF7651C0053A2E9;
			remoteInfo = GKPhotoBrowserPod;
		};
/* End PBXContainerItemProxy section */

/* Begin PBXFileReference section */
		7814AE75A96A31E32F710D7D /* Pods_GKPhotoBrowserPod.framework */ = {isa = PBXFileReference; explicitFileType = wrapper.framework; includeInIndex = 0; path = Pods_GKPhotoBrowserPod.framework; sourceTree = BUILT_PRODUCTS_DIR; };
		793D01101FF7651C0053A2E9 /* GKPhotoBrowserPod.app */ = {isa = PBXFileReference; explicitFileType = wrapper.application; includeInIndex = 0; path = GKPhotoBrowserPod.app; sourceTree = BUILT_PRODUCTS_DIR; };
		793D011C1FF7651C0053A2E9 /* Assets.xcassets */ = {isa = PBXFileReference; lastKnownFileType = folder.assetcatalog; path = Assets.xcassets; sourceTree = "<group>"; };
		793D011F1FF7651C0053A2E9 /* Base */ = {isa = PBXFileReference; lastKnownFileType = file.storyboard; name = Base; path = Base.lproj/LaunchScreen.storyboard; sourceTree = "<group>"; };
		793D01211FF7651C0053A2E9 /* Info.plist */ = {isa = PBXFileReference; lastKnownFileType = text.plist.xml; path = Info.plist; sourceTree = "<group>"; };
		793D01221FF7651C0053A2E9 /* main.m */ = {isa = PBXFileReference; lastKnownFileType = sourcecode.c.objc; path = main.m; sourceTree = "<group>"; };
		793D01281FF7651C0053A2E9 /* GKPhotoBrowserPodTests.xctest */ = {isa = PBXFileReference; explicitFileType = wrapper.cfbundle; includeInIndex = 0; path = GKPhotoBrowserPodTests.xctest; sourceTree = BUILT_PRODUCTS_DIR; };
		793D012C1FF7651C0053A2E9 /* GKPhotoBrowserPodTests.m */ = {isa = PBXFileReference; lastKnownFileType = sourcecode.c.objc; path = GKPhotoBrowserPodTests.m; sourceTree = "<group>"; };
		793D012E1FF7651C0053A2E9 /* Info.plist */ = {isa = PBXFileReference; lastKnownFileType = text.plist.xml; path = Info.plist; sourceTree = "<group>"; };
		793D01331FF7651C0053A2E9 /* GKPhotoBrowserPodUITests.xctest */ = {isa = PBXFileReference; explicitFileType = wrapper.cfbundle; includeInIndex = 0; path = GKPhotoBrowserPodUITests.xctest; sourceTree = BUILT_PRODUCTS_DIR; };
		793D01371FF7651C0053A2E9 /* GKPhotoBrowserPodUITests.m */ = {isa = PBXFileReference; lastKnownFileType = sourcecode.c.objc; path = GKPhotoBrowserPodUITests.m; sourceTree = "<group>"; };
		793D01391FF7651C0053A2E9 /* Info.plist */ = {isa = PBXFileReference; lastKnownFileType = text.plist.xml; path = Info.plist; sourceTree = "<group>"; };
		793D01461FF7663B0053A2E9 /* AppDelegate.h */ = {isa = PBXFileReference; fileEncoding = 4; lastKnownFileType = sourcecode.c.h; path = AppDelegate.h; sourceTree = "<group>"; };
		793D01471FF7663B0053A2E9 /* AppDelegate.m */ = {isa = PBXFileReference; fileEncoding = 4; lastKnownFileType = sourcecode.c.objc; path = AppDelegate.m; sourceTree = "<group>"; };
		793D01491FF7663B0053A2E9 /* GKMainViewController.m */ = {isa = PBXFileReference; fileEncoding = 4; lastKnownFileType = sourcecode.c.objc; path = GKMainViewController.m; sourceTree = "<group>"; };
		793D014A1FF7663B0053A2E9 /* GKPhotosView.m */ = {isa = PBXFileReference; fileEncoding = 4; lastKnownFileType = sourcecode.c.objc; path = GKPhotosView.m; sourceTree = "<group>"; };
		793D014C1FF7663B0053A2E9 /* GKJianshuViewController.h */ = {isa = PBXFileReference; fileEncoding = 4; lastKnownFileType = sourcecode.c.h; path = GKJianshuViewController.h; sourceTree = "<group>"; };
		793D014D1FF7663B0053A2E9 /* GKJianshuViewController.m */ = {isa = PBXFileReference; fileEncoding = 4; lastKnownFileType = sourcecode.c.objc; path = GKJianshuViewController.m; sourceTree = "<group>"; };
		793D014E1FF7663B0053A2E9 /* GKTest03ViewController.h */ = {isa = PBXFileReference; fileEncoding = 4; lastKnownFileType = sourcecode.c.h; path = GKTest03ViewController.h; sourceTree = "<group>"; };
		793D014F1FF7663B0053A2E9 /* GKTest01ViewCell.h */ = {isa = PBXFileReference; fileEncoding = 4; lastKnownFileType = sourcecode.c.h; path = GKTest01ViewCell.h; sourceTree = "<group>"; };
		793D01501FF7663B0053A2E9 /* GKBaseViewController.m */ = {isa = PBXFileReference; fileEncoding = 4; lastKnownFileType = sourcecode.c.objc; path = GKBaseViewController.m; sourceTree = "<group>"; };
		793D01511FF7663B0053A2E9 /* GKTest02ViewController.h */ = {isa = PBXFileReference; fileEncoding = 4; lastKnownFileType = sourcecode.c.h; path = GKTest02ViewController.h; sourceTree = "<group>"; };
		793D01531FF7663B0053A2E9 /* GKToutiaoModel.h */ = {isa = PBXFileReference; fileEncoding = 4; lastKnownFileType = sourcecode.c.h; path = GKToutiaoModel.h; sourceTree = "<group>"; };
		793D01541FF7663B0053A2E9 /* GKToutiaoDetailViewController.m */ = {isa = PBXFileReference; fileEncoding = 4; lastKnownFileType = sourcecode.c.objc; path = GKToutiaoDetailViewController.m; sourceTree = "<group>"; };
		793D01551FF7663B0053A2E9 /* GKToutiaoViewCell.m */ = {isa = PBXFileReference; fileEncoding = 4; lastKnownFileType = sourcecode.c.objc; path = GKToutiaoViewCell.m; sourceTree = "<group>"; };
		793D01561FF7663B0053A2E9 /* GKToutiaoViewController.m */ = {isa = PBXFileReference; fileEncoding = 4; lastKnownFileType = sourcecode.c.objc; path = GKToutiaoViewController.m; sourceTree = "<group>"; };
		793D01571FF7663B0053A2E9 /* GKToutiaoModel.m */ = {isa = PBXFileReference; fileEncoding = 4; lastKnownFileType = sourcecode.c.objc; path = GKToutiaoModel.m; sourceTree = "<group>"; };
		793D01581FF7663B0053A2E9 /* GKToutiaoViewCell.h */ = {isa = PBXFileReference; fileEncoding = 4; lastKnownFileType = sourcecode.c.h; path = GKToutiaoViewCell.h; sourceTree = "<group>"; };
		793D01591FF7663B0053A2E9 /* GKToutiaoDetailViewController.h */ = {isa = PBXFileReference; fileEncoding = 4; lastKnownFileType = sourcecode.c.h; path = GKToutiaoDetailViewController.h; sourceTree = "<group>"; };
		793D015A1FF7663B0053A2E9 /* toutiao.txt */ = {isa = PBXFileReference; fileEncoding = 4; lastKnownFileType = text; path = toutiao.txt; sourceTree = "<group>"; };
		793D015B1FF7663B0053A2E9 /* GKToutiaoViewController.h */ = {isa = PBXFileReference; fileEncoding = 4; lastKnownFileType = sourcecode.c.h; path = GKToutiaoViewController.h; sourceTree = "<group>"; };
		793D015C1FF7663B0053A2E9 /* GKTest01ViewController.m */ = {isa = PBXFileReference; fileEncoding = 4; lastKnownFileType = sourcecode.c.objc; path = GKTest01ViewController.m; sourceTree = "<group>"; };
		793D015D1FF7663B0053A2E9 /* GKTest02ViewCell.m */ = {isa = PBXFileReference; fileEncoding = 4; lastKnownFileType = sourcecode.c.objc; path = GKTest02ViewCell.m; sourceTree = "<group>"; };
		793D015F1FF7663B0053A2E9 /* UIView+GKFrame.h */ = {isa = PBXFileReference; fileEncoding = 4; lastKnownFileType = sourcecode.c.h; path = "UIView+GKFrame.h"; sourceTree = "<group>"; };
		793D01601FF7663B0053A2E9 /* UIView+GKFrame.m */ = {isa = PBXFileReference; fileEncoding = 4; lastKnownFileType = sourcecode.c.objc; path = "UIView+GKFrame.m"; sourceTree = "<group>"; };
		793D01611FF7663B0053A2E9 /* GKPhotosView.h */ = {isa = PBXFileReference; fileEncoding = 4; lastKnownFileType = sourcecode.c.h; path = GKPhotosView.h; sourceTree = "<group>"; };
		793D01631FF7663B0053A2E9 /* GKTimeLineViewCell.m */ = {isa = PBXFileReference; fileEncoding = 4; lastKnownFileType = sourcecode.c.objc; path = GKTimeLineViewCell.m; sourceTree = "<group>"; };
		793D01641FF7663B0053A2E9 /* GKTimeLineModel.h */ = {isa = PBXFileReference; fileEncoding = 4; lastKnownFileType = sourcecode.c.h; path = GKTimeLineModel.h; sourceTree = "<group>"; };
		793D01651FF7663B0053A2E9 /* GKTimeLineViewController.m */ = {isa = PBXFileReference; fileEncoding = 4; lastKnownFileType = sourcecode.c.objc; path = GKTimeLineViewController.m; sourceTree = "<group>"; };
		793D01661FF7663B0053A2E9 /* timeline.json */ = {isa = PBXFileReference; fileEncoding = 4; lastKnownFileType = text.json; path = timeline.json; sourceTree = "<group>"; };
		793D01671FF7663B0053A2E9 /* GKTimeLineModel.m */ = {isa = PBXFileReference; fileEncoding = 4; lastKnownFileType = sourcecode.c.objc; path = GKTimeLineModel.m; sourceTree = "<group>"; };
		793D01681FF7663B0053A2E9 /* GKTimeLineViewCell.h */ = {isa = PBXFileReference; fileEncoding = 4; lastKnownFileType = sourcecode.c.h; path = GKTimeLineViewCell.h; sourceTree = "<group>"; };
		793D01691FF7663B0053A2E9 /* timeline.txt */ = {isa = PBXFileReference; fileEncoding = 4; lastKnownFileType = text; path = timeline.txt; sourceTree = "<group>"; };
		793D016A1FF7663B0053A2E9 /* GKTimeLineViewController.h */ = {isa = PBXFileReference; fileEncoding = 4; lastKnownFileType = sourcecode.c.h; path = GKTimeLineViewController.h; sourceTree = "<group>"; };
		793D016B1FF7663B0053A2E9 /* GKMainViewController.h */ = {isa = PBXFileReference; fileEncoding = 4; lastKnownFileType = sourcecode.c.h; path = GKMainViewController.h; sourceTree = "<group>"; };
		793D016C1FF7663B0053A2E9 /* GKBaseViewController.h */ = {isa = PBXFileReference; fileEncoding = 4; lastKnownFileType = sourcecode.c.h; path = GKBaseViewController.h; sourceTree = "<group>"; };
		793D016D1FF7663B0053A2E9 /* GKTest01ViewCell.m */ = {isa = PBXFileReference; fileEncoding = 4; lastKnownFileType = sourcecode.c.objc; path = GKTest01ViewCell.m; sourceTree = "<group>"; };
		793D016E1FF7663B0053A2E9 /* GKTest03ViewController.m */ = {isa = PBXFileReference; fileEncoding = 4; lastKnownFileType = sourcecode.c.objc; path = GKTest03ViewController.m; sourceTree = "<group>"; };
		793D016F1FF7663B0053A2E9 /* GKTest02ViewController.m */ = {isa = PBXFileReference; fileEncoding = 4; lastKnownFileType = sourcecode.c.objc; path = GKTest02ViewController.m; sourceTree = "<group>"; };
		793D01701FF7663B0053A2E9 /* GKTest02ViewCell.h */ = {isa = PBXFileReference; fileEncoding = 4; lastKnownFileType = sourcecode.c.h; path = GKTest02ViewCell.h; sourceTree = "<group>"; };
		793D01711FF7663B0053A2E9 /* GKTest01ViewController.h */ = {isa = PBXFileReference; fileEncoding = 4; lastKnownFileType = sourcecode.c.h; path = GKTest01ViewController.h; sourceTree = "<group>"; };
		794691261FFA79660003C777 /* PrefixHeader.pch */ = {isa = PBXFileReference; fileEncoding = 4; lastKnownFileType = sourcecode.c.h; path = PrefixHeader.pch; sourceTree = "<group>"; };
		8CA10D680D9743A89995A000 /* Pods-GKPhotoBrowserPod.release.xcconfig */ = {isa = PBXFileReference; includeInIndex = 1; lastKnownFileType = text.xcconfig; name = "Pods-GKPhotoBrowserPod.release.xcconfig"; path = "Pods/Target Support Files/Pods-GKPhotoBrowserPod/Pods-GKPhotoBrowserPod.release.xcconfig"; sourceTree = "<group>"; };
		BD9BC74AD2ABC46C140E1AD5 /* Pods-GKPhotoBrowserPod.debug.xcconfig */ = {isa = PBXFileReference; includeInIndex = 1; lastKnownFileType = text.xcconfig; name = "Pods-GKPhotoBrowserPod.debug.xcconfig"; path = "Pods/Target Support Files/Pods-GKPhotoBrowserPod/Pods-GKPhotoBrowserPod.debug.xcconfig"; sourceTree = "<group>"; };
/* End PBXFileReference section */

/* Begin PBXFrameworksBuildPhase section */
		793D010D1FF7651C0053A2E9 /* Frameworks */ = {
			isa = PBXFrameworksBuildPhase;
			buildActionMask = 2147483647;
			files = (
				F3B1ECAE6E6AB669DA0A0AED /* Pods_GKPhotoBrowserPod.framework in Frameworks */,
			);
			runOnlyForDeploymentPostprocessing = 0;
		};
		793D01251FF7651C0053A2E9 /* Frameworks */ = {
			isa = PBXFrameworksBuildPhase;
			buildActionMask = 2147483647;
			files = (
			);
			runOnlyForDeploymentPostprocessing = 0;
		};
		793D01301FF7651C0053A2E9 /* Frameworks */ = {
			isa = PBXFrameworksBuildPhase;
			buildActionMask = 2147483647;
			files = (
			);
			runOnlyForDeploymentPostprocessing = 0;
		};
/* End PBXFrameworksBuildPhase section */

/* Begin PBXGroup section */
		305A0AFF97CE26AEEF0A6E6D /* Frameworks */ = {
			isa = PBXGroup;
			children = (
				7814AE75A96A31E32F710D7D /* Pods_GKPhotoBrowserPod.framework */,
			);
			name = Frameworks;
			sourceTree = "<group>";
		};
		793D01071FF7651B0053A2E9 = {
			isa = PBXGroup;
			children = (
				793D01121FF7651C0053A2E9 /* GKPhotoBrowserPod */,
				793D012B1FF7651C0053A2E9 /* GKPhotoBrowserPodTests */,
				793D01361FF7651C0053A2E9 /* GKPhotoBrowserPodUITests */,
				793D01111FF7651C0053A2E9 /* Products */,
				E4F7BBDB8B5F30467890BB19 /* Pods */,
				305A0AFF97CE26AEEF0A6E6D /* Frameworks */,
			);
			sourceTree = "<group>";
		};
		793D01111FF7651C0053A2E9 /* Products */ = {
			isa = PBXGroup;
			children = (
				793D01101FF7651C0053A2E9 /* GKPhotoBrowserPod.app */,
				793D01281FF7651C0053A2E9 /* GKPhotoBrowserPodTests.xctest */,
				793D01331FF7651C0053A2E9 /* GKPhotoBrowserPodUITests.xctest */,
			);
			name = Products;
			sourceTree = "<group>";
		};
		793D01121FF7651C0053A2E9 /* GKPhotoBrowserPod */ = {
			isa = PBXGroup;
			children = (
				793D01451FF7663B0053A2E9 /* Classes */,
				793D011C1FF7651C0053A2E9 /* Assets.xcassets */,
				793D011E1FF7651C0053A2E9 /* LaunchScreen.storyboard */,
				793D01211FF7651C0053A2E9 /* Info.plist */,
				793D01221FF7651C0053A2E9 /* main.m */,
				794691261FFA79660003C777 /* PrefixHeader.pch */,
			);
			path = GKPhotoBrowserPod;
			sourceTree = "<group>";
		};
		793D012B1FF7651C0053A2E9 /* GKPhotoBrowserPodTests */ = {
			isa = PBXGroup;
			children = (
				793D012C1FF7651C0053A2E9 /* GKPhotoBrowserPodTests.m */,
				793D012E1FF7651C0053A2E9 /* Info.plist */,
			);
			path = GKPhotoBrowserPodTests;
			sourceTree = "<group>";
		};
		793D01361FF7651C0053A2E9 /* GKPhotoBrowserPodUITests */ = {
			isa = PBXGroup;
			children = (
				793D01371FF7651C0053A2E9 /* GKPhotoBrowserPodUITests.m */,
				793D01391FF7651C0053A2E9 /* Info.plist */,
			);
			path = GKPhotoBrowserPodUITests;
			sourceTree = "<group>";
		};
		793D01451FF7663B0053A2E9 /* Classes */ = {
			isa = PBXGroup;
			children = (
				793D01461FF7663B0053A2E9 /* AppDelegate.h */,
				793D01471FF7663B0053A2E9 /* AppDelegate.m */,
				793D01481FF7663B0053A2E9 /* Main */,
			);
			name = Classes;
			path = ../../GKPhotoBrowserDemo/GKPhotoBrowserDemo/Classes;
			sourceTree = "<group>";
		};
		793D01481FF7663B0053A2E9 /* Main */ = {
			isa = PBXGroup;
			children = (
				793D016B1FF7663B0053A2E9 /* GKMainViewController.h */,
				793D01491FF7663B0053A2E9 /* GKMainViewController.m */,
				793D016C1FF7663B0053A2E9 /* GKBaseViewController.h */,
				793D01501FF7663B0053A2E9 /* GKBaseViewController.m */,
				793D01711FF7663B0053A2E9 /* GKTest01ViewController.h */,
				793D015C1FF7663B0053A2E9 /* GKTest01ViewController.m */,
				793D01511FF7663B0053A2E9 /* GKTest02ViewController.h */,
				793D016F1FF7663B0053A2E9 /* GKTest02ViewController.m */,
				793D014E1FF7663B0053A2E9 /* GKTest03ViewController.h */,
				793D016E1FF7663B0053A2E9 /* GKTest03ViewController.m */,
				793D01621FF7663B0053A2E9 /* WeChat */,
				793D01521FF7663B0053A2E9 /* Toutiao */,
				793D014B1FF7663B0053A2E9 /* Jianshu */,
				793D01611FF7663B0053A2E9 /* GKPhotosView.h */,
				793D014A1FF7663B0053A2E9 /* GKPhotosView.m */,
				793D014F1FF7663B0053A2E9 /* GKTest01ViewCell.h */,
				793D016D1FF7663B0053A2E9 /* GKTest01ViewCell.m */,
				793D01701FF7663B0053A2E9 /* GKTest02ViewCell.h */,
				793D015D1FF7663B0053A2E9 /* GKTest02ViewCell.m */,
				793D015E1FF7663B0053A2E9 /* GKCategory */,
			);
			path = Main;
			sourceTree = "<group>";
		};
		793D014B1FF7663B0053A2E9 /* Jianshu */ = {
			isa = PBXGroup;
			children = (
				793D014C1FF7663B0053A2E9 /* GKJianshuViewController.h */,
				793D014D1FF7663B0053A2E9 /* GKJianshuViewController.m */,
			);
			path = Jianshu;
			sourceTree = "<group>";
		};
		793D01521FF7663B0053A2E9 /* Toutiao */ = {
			isa = PBXGroup;
			children = (
				793D015B1FF7663B0053A2E9 /* GKToutiaoViewController.h */,
				793D01561FF7663B0053A2E9 /* GKToutiaoViewController.m */,
				793D01531FF7663B0053A2E9 /* GKToutiaoModel.h */,
				793D01571FF7663B0053A2E9 /* GKToutiaoModel.m */,
				793D01591FF7663B0053A2E9 /* GKToutiaoDetailViewController.h */,
				793D01541FF7663B0053A2E9 /* GKToutiaoDetailViewController.m */,
				793D01581FF7663B0053A2E9 /* GKToutiaoViewCell.h */,
				793D01551FF7663B0053A2E9 /* GKToutiaoViewCell.m */,
				793D015A1FF7663B0053A2E9 /* toutiao.txt */,
			);
			path = Toutiao;
			sourceTree = "<group>";
		};
		793D015E1FF7663B0053A2E9 /* GKCategory */ = {
			isa = PBXGroup;
			children = (
				793D015F1FF7663B0053A2E9 /* UIView+GKFrame.h */,
				793D01601FF7663B0053A2E9 /* UIView+GKFrame.m */,
			);
			path = GKCategory;
			sourceTree = "<group>";
		};
		793D01621FF7663B0053A2E9 /* WeChat */ = {
			isa = PBXGroup;
			children = (
				793D016A1FF7663B0053A2E9 /* GKTimeLineViewController.h */,
				793D01651FF7663B0053A2E9 /* GKTimeLineViewController.m */,
				793D01681FF7663B0053A2E9 /* GKTimeLineViewCell.h */,
				793D01631FF7663B0053A2E9 /* GKTimeLineViewCell.m */,
				793D01641FF7663B0053A2E9 /* GKTimeLineModel.h */,
				793D01671FF7663B0053A2E9 /* GKTimeLineModel.m */,
				793D01661FF7663B0053A2E9 /* timeline.json */,
				793D01691FF7663B0053A2E9 /* timeline.txt */,
			);
			path = WeChat;
			sourceTree = "<group>";
		};
		E4F7BBDB8B5F30467890BB19 /* Pods */ = {
			isa = PBXGroup;
			children = (
				BD9BC74AD2ABC46C140E1AD5 /* Pods-GKPhotoBrowserPod.debug.xcconfig */,
				8CA10D680D9743A89995A000 /* Pods-GKPhotoBrowserPod.release.xcconfig */,
			);
			name = Pods;
			sourceTree = "<group>";
		};
/* End PBXGroup section */

/* Begin PBXNativeTarget section */
		793D010F1FF7651C0053A2E9 /* GKPhotoBrowserPod */ = {
			isa = PBXNativeTarget;
			buildConfigurationList = 793D013C1FF7651C0053A2E9 /* Build configuration list for PBXNativeTarget "GKPhotoBrowserPod" */;
			buildPhases = (
				A42B59648167611912FAC58F /* [CP] Check Pods Manifest.lock */,
				793D010C1FF7651C0053A2E9 /* Sources */,
				793D010D1FF7651C0053A2E9 /* Frameworks */,
				793D010E1FF7651C0053A2E9 /* Resources */,
				A0EE25DB42246BF2021626E2 /* [CP] Embed Pods Frameworks */,
				6833D37C290D44D57CB76094 /* [CP] Copy Pods Resources */,
			);
			buildRules = (
			);
			dependencies = (
			);
			name = GKPhotoBrowserPod;
			productName = GKPhotoBrowserPod;
			productReference = 793D01101FF7651C0053A2E9 /* GKPhotoBrowserPod.app */;
			productType = "com.apple.product-type.application";
		};
		793D01271FF7651C0053A2E9 /* GKPhotoBrowserPodTests */ = {
			isa = PBXNativeTarget;
			buildConfigurationList = 793D013F1FF7651C0053A2E9 /* Build configuration list for PBXNativeTarget "GKPhotoBrowserPodTests" */;
			buildPhases = (
				793D01241FF7651C0053A2E9 /* Sources */,
				793D01251FF7651C0053A2E9 /* Frameworks */,
				793D01261FF7651C0053A2E9 /* Resources */,
			);
			buildRules = (
			);
			dependencies = (
				793D012A1FF7651C0053A2E9 /* PBXTargetDependency */,
			);
			name = GKPhotoBrowserPodTests;
			productName = GKPhotoBrowserPodTests;
			productReference = 793D01281FF7651C0053A2E9 /* GKPhotoBrowserPodTests.xctest */;
			productType = "com.apple.product-type.bundle.unit-test";
		};
		793D01321FF7651C0053A2E9 /* GKPhotoBrowserPodUITests */ = {
			isa = PBXNativeTarget;
			buildConfigurationList = 793D01421FF7651C0053A2E9 /* Build configuration list for PBXNativeTarget "GKPhotoBrowserPodUITests" */;
			buildPhases = (
				793D012F1FF7651C0053A2E9 /* Sources */,
				793D01301FF7651C0053A2E9 /* Frameworks */,
				793D01311FF7651C0053A2E9 /* Resources */,
			);
			buildRules = (
			);
			dependencies = (
				793D01351FF7651C0053A2E9 /* PBXTargetDependency */,
			);
			name = GKPhotoBrowserPodUITests;
			productName = GKPhotoBrowserPodUITests;
			productReference = 793D01331FF7651C0053A2E9 /* GKPhotoBrowserPodUITests.xctest */;
			productType = "com.apple.product-type.bundle.ui-testing";
		};
/* End PBXNativeTarget section */

/* Begin PBXProject section */
		793D01081FF7651B0053A2E9 /* Project object */ = {
			isa = PBXProject;
			attributes = {
				LastUpgradeCheck = 0920;
				ORGANIZATIONNAME = QuintGao;
				TargetAttributes = {
					793D010F1FF7651C0053A2E9 = {
						CreatedOnToolsVersion = 9.2;
						ProvisioningStyle = Manual;
					};
					793D01271FF7651C0053A2E9 = {
						CreatedOnToolsVersion = 9.2;
						ProvisioningStyle = Automatic;
						TestTargetID = 793D010F1FF7651C0053A2E9;
					};
					793D01321FF7651C0053A2E9 = {
						CreatedOnToolsVersion = 9.2;
						ProvisioningStyle = Automatic;
						TestTargetID = 793D010F1FF7651C0053A2E9;
					};
				};
			};
			buildConfigurationList = 793D010B1FF7651B0053A2E9 /* Build configuration list for PBXProject "GKPhotoBrowserPod" */;
			compatibilityVersion = "Xcode 8.0";
			developmentRegion = en;
			hasScannedForEncodings = 0;
			knownRegions = (
				en,
				Base,
			);
			mainGroup = 793D01071FF7651B0053A2E9;
			productRefGroup = 793D01111FF7651C0053A2E9 /* Products */;
			projectDirPath = "";
			projectRoot = "";
			targets = (
				793D010F1FF7651C0053A2E9 /* GKPhotoBrowserPod */,
				793D01271FF7651C0053A2E9 /* GKPhotoBrowserPodTests */,
				793D01321FF7651C0053A2E9 /* GKPhotoBrowserPodUITests */,
			);
		};
/* End PBXProject section */

/* Begin PBXResourcesBuildPhase section */
		793D010E1FF7651C0053A2E9 /* Resources */ = {
			isa = PBXResourcesBuildPhase;
			buildActionMask = 2147483647;
			files = (
				793D01841FF7663B0053A2E9 /* timeline.json in Resources */,
				793D01201FF7651C0053A2E9 /* LaunchScreen.storyboard in Resources */,
				793D017E1FF7663B0053A2E9 /* toutiao.txt in Resources */,
				793D01861FF7663B0053A2E9 /* timeline.txt in Resources */,
				793D011D1FF7651C0053A2E9 /* Assets.xcassets in Resources */,
			);
			runOnlyForDeploymentPostprocessing = 0;
		};
		793D01261FF7651C0053A2E9 /* Resources */ = {
			isa = PBXResourcesBuildPhase;
			buildActionMask = 2147483647;
			files = (
			);
			runOnlyForDeploymentPostprocessing = 0;
		};
		793D01311FF7651C0053A2E9 /* Resources */ = {
			isa = PBXResourcesBuildPhase;
			buildActionMask = 2147483647;
			files = (
			);
			runOnlyForDeploymentPostprocessing = 0;
		};
/* End PBXResourcesBuildPhase section */

/* Begin PBXShellScriptBuildPhase section */
		6833D37C290D44D57CB76094 /* [CP] Copy Pods Resources */ = {
			isa = PBXShellScriptBuildPhase;
			buildActionMask = 2147483647;
			files = (
			);
			inputPaths = (
			);
			name = "[CP] Copy Pods Resources";
			outputPaths = (
			);
			runOnlyForDeploymentPostprocessing = 0;
			shellPath = /bin/sh;
			shellScript = "\"${SRCROOT}/Pods/Target Support Files/Pods-GKPhotoBrowserPod/Pods-GKPhotoBrowserPod-resources.sh\"\n";
			showEnvVarsInLog = 0;
		};
		A0EE25DB42246BF2021626E2 /* [CP] Embed Pods Frameworks */ = {
			isa = PBXShellScriptBuildPhase;
			buildActionMask = 2147483647;
			files = (
			);
			inputPaths = (
				"${SRCROOT}/Pods/Target Support Files/Pods-GKPhotoBrowserPod/Pods-GKPhotoBrowserPod-frameworks.sh",
				"${BUILT_PRODUCTS_DIR}/AFNetworking/AFNetworking.framework",
				"${BUILT_PRODUCTS_DIR}/FLAnimatedImage/FLAnimatedImage.framework",
				"${BUILT_PRODUCTS_DIR}/GKCover/GKCover.framework",
				"${BUILT_PRODUCTS_DIR}/GKNavigationBarViewController/GKNavigationBarViewController.framework",
				"${BUILT_PRODUCTS_DIR}/GKPhotoBrowser/GKPhotoBrowser.framework",
				"${BUILT_PRODUCTS_DIR}/SDWebImage/SDWebImage.framework",
				"${BUILT_PRODUCTS_DIR}/YYModel/YYModel.framework",
			);
			name = "[CP] Embed Pods Frameworks";
			outputPaths = (
				"${TARGET_BUILD_DIR}/${FRAMEWORKS_FOLDER_PATH}/AFNetworking.framework",
				"${TARGET_BUILD_DIR}/${FRAMEWORKS_FOLDER_PATH}/FLAnimatedImage.framework",
				"${TARGET_BUILD_DIR}/${FRAMEWORKS_FOLDER_PATH}/GKCover.framework",
				"${TARGET_BUILD_DIR}/${FRAMEWORKS_FOLDER_PATH}/GKNavigationBarViewController.framework",
				"${TARGET_BUILD_DIR}/${FRAMEWORKS_FOLDER_PATH}/GKPhotoBrowser.framework",
				"${TARGET_BUILD_DIR}/${FRAMEWORKS_FOLDER_PATH}/SDWebImage.framework",
				"${TARGET_BUILD_DIR}/${FRAMEWORKS_FOLDER_PATH}/YYModel.framework",
			);
			runOnlyForDeploymentPostprocessing = 0;
			shellPath = /bin/sh;
			shellScript = "\"${SRCROOT}/Pods/Target Support Files/Pods-GKPhotoBrowserPod/Pods-GKPhotoBrowserPod-frameworks.sh\"\n";
			showEnvVarsInLog = 0;
		};
		A42B59648167611912FAC58F /* [CP] Check Pods Manifest.lock */ = {
			isa = PBXShellScriptBuildPhase;
			buildActionMask = 2147483647;
			files = (
			);
			inputPaths = (
				"${PODS_PODFILE_DIR_PATH}/Podfile.lock",
				"${PODS_ROOT}/Manifest.lock",
			);
			name = "[CP] Check Pods Manifest.lock";
			outputPaths = (
				"$(DERIVED_FILE_DIR)/Pods-GKPhotoBrowserPod-checkManifestLockResult.txt",
			);
			runOnlyForDeploymentPostprocessing = 0;
			shellPath = /bin/sh;
			shellScript = "diff \"${PODS_PODFILE_DIR_PATH}/Podfile.lock\" \"${PODS_ROOT}/Manifest.lock\" > /dev/null\nif [ $? != 0 ] ; then\n    # print error to STDERR\n    echo \"error: The sandbox is not in sync with the Podfile.lock. Run 'pod install' or update your CocoaPods installation.\" >&2\n    exit 1\nfi\n# This output is used by Xcode 'outputs' to avoid re-running this script phase.\necho \"SUCCESS\" > \"${SCRIPT_OUTPUT_FILE_0}\"\n";
			showEnvVarsInLog = 0;
		};
/* End PBXShellScriptBuildPhase section */

/* Begin PBXSourcesBuildPhase section */
		793D010C1FF7651C0053A2E9 /* Sources */ = {
			isa = PBXSourcesBuildPhase;
			buildActionMask = 2147483647;
			files = (
				793D01801FF7663B0053A2E9 /* GKTest02ViewCell.m in Sources */,
				793D017B1FF7663B0053A2E9 /* GKToutiaoViewCell.m in Sources */,
				793D017A1FF7663B0053A2E9 /* GKToutiaoDetailViewController.m in Sources */,
				793D017C1FF7663B0053A2E9 /* GKToutiaoViewController.m in Sources */,
				793D01751FF7663B0053A2E9 /* AppDelegate.m in Sources */,
				793D01231FF7651C0053A2E9 /* main.m in Sources */,
				793D01851FF7663B0053A2E9 /* GKTimeLineModel.m in Sources */,
				793D017D1FF7663B0053A2E9 /* GKToutiaoModel.m in Sources */,
				793D01871FF7663B0053A2E9 /* GKTest01ViewCell.m in Sources */,
				793D01811FF7663B0053A2E9 /* UIView+GKFrame.m in Sources */,
				793D01781FF7663B0053A2E9 /* GKJianshuViewController.m in Sources */,
				793D01831FF7663B0053A2E9 /* GKTimeLineViewController.m in Sources */,
				793D01791FF7663B0053A2E9 /* GKBaseViewController.m in Sources */,
				793D017F1FF7663B0053A2E9 /* GKTest01ViewController.m in Sources */,
				793D01821FF7663B0053A2E9 /* GKTimeLineViewCell.m in Sources */,
				793D01761FF7663B0053A2E9 /* GKMainViewController.m in Sources */,
				793D01771FF7663B0053A2E9 /* GKPhotosView.m in Sources */,
				793D01881FF7663B0053A2E9 /* GKTest03ViewController.m in Sources */,
				793D01891FF7663B0053A2E9 /* GKTest02ViewController.m in Sources */,
			);
			runOnlyForDeploymentPostprocessing = 0;
		};
		793D01241FF7651C0053A2E9 /* Sources */ = {
			isa = PBXSourcesBuildPhase;
			buildActionMask = 2147483647;
			files = (
				793D012D1FF7651C0053A2E9 /* GKPhotoBrowserPodTests.m in Sources */,
			);
			runOnlyForDeploymentPostprocessing = 0;
		};
		793D012F1FF7651C0053A2E9 /* Sources */ = {
			isa = PBXSourcesBuildPhase;
			buildActionMask = 2147483647;
			files = (
				793D01381FF7651C0053A2E9 /* GKPhotoBrowserPodUITests.m in Sources */,
			);
			runOnlyForDeploymentPostprocessing = 0;
		};
/* End PBXSourcesBuildPhase section */

/* Begin PBXTargetDependency section */
		793D012A1FF7651C0053A2E9 /* PBXTargetDependency */ = {
			isa = PBXTargetDependency;
			target = 793D010F1FF7651C0053A2E9 /* GKPhotoBrowserPod */;
			targetProxy = 793D01291FF7651C0053A2E9 /* PBXContainerItemProxy */;
		};
		793D01351FF7651C0053A2E9 /* PBXTargetDependency */ = {
			isa = PBXTargetDependency;
			target = 793D010F1FF7651C0053A2E9 /* GKPhotoBrowserPod */;
			targetProxy = 793D01341FF7651C0053A2E9 /* PBXContainerItemProxy */;
		};
/* End PBXTargetDependency section */

/* Begin PBXVariantGroup section */
		793D011E1FF7651C0053A2E9 /* LaunchScreen.storyboard */ = {
			isa = PBXVariantGroup;
			children = (
				793D011F1FF7651C0053A2E9 /* Base */,
			);
			name = LaunchScreen.storyboard;
			sourceTree = "<group>";
		};
/* End PBXVariantGroup section */

/* Begin XCBuildConfiguration section */
		793D013A1FF7651C0053A2E9 /* Debug */ = {
			isa = XCBuildConfiguration;
			buildSettings = {
				ALWAYS_SEARCH_USER_PATHS = NO;
				CLANG_ANALYZER_NONNULL = YES;
				CLANG_ANALYZER_NUMBER_OBJECT_CONVERSION = YES_AGGRESSIVE;
				CLANG_CXX_LANGUAGE_STANDARD = "gnu++14";
				CLANG_CXX_LIBRARY = "libc++";
				CLANG_ENABLE_MODULES = YES;
				CLANG_ENABLE_OBJC_ARC = YES;
				CLANG_WARN_BLOCK_CAPTURE_AUTORELEASING = YES;
				CLANG_WARN_BOOL_CONVERSION = YES;
				CLANG_WARN_COMMA = YES;
				CLANG_WARN_CONSTANT_CONVERSION = YES;
				CLANG_WARN_DIRECT_OBJC_ISA_USAGE = YES_ERROR;
				CLANG_WARN_DOCUMENTATION_COMMENTS = YES;
				CLANG_WARN_EMPTY_BODY = YES;
				CLANG_WARN_ENUM_CONVERSION = YES;
				CLANG_WARN_INFINITE_RECURSION = YES;
				CLANG_WARN_INT_CONVERSION = YES;
				CLANG_WARN_NON_LITERAL_NULL_CONVERSION = YES;
				CLANG_WARN_OBJC_LITERAL_CONVERSION = YES;
				CLANG_WARN_OBJC_ROOT_CLASS = YES_ERROR;
				CLANG_WARN_RANGE_LOOP_ANALYSIS = YES;
				CLANG_WARN_STRICT_PROTOTYPES = YES;
				CLANG_WARN_SUSPICIOUS_MOVE = YES;
				CLANG_WARN_UNGUARDED_AVAILABILITY = YES_AGGRESSIVE;
				CLANG_WARN_UNREACHABLE_CODE = YES;
				CLANG_WARN__DUPLICATE_METHOD_MATCH = YES;
				CODE_SIGN_IDENTITY = "iPhone Developer";
				COPY_PHASE_STRIP = NO;
				DEBUG_INFORMATION_FORMAT = dwarf;
				ENABLE_STRICT_OBJC_MSGSEND = YES;
				ENABLE_TESTABILITY = YES;
				GCC_C_LANGUAGE_STANDARD = gnu11;
				GCC_DYNAMIC_NO_PIC = NO;
				GCC_NO_COMMON_BLOCKS = YES;
				GCC_OPTIMIZATION_LEVEL = 0;
				GCC_PREPROCESSOR_DEFINITIONS = (
					"DEBUG=1",
					"$(inherited)",
				);
				GCC_WARN_64_TO_32_BIT_CONVERSION = YES;
				GCC_WARN_ABOUT_RETURN_TYPE = YES_ERROR;
				GCC_WARN_UNDECLARED_SELECTOR = YES;
				GCC_WARN_UNINITIALIZED_AUTOS = YES_AGGRESSIVE;
				GCC_WARN_UNUSED_FUNCTION = YES;
				GCC_WARN_UNUSED_VARIABLE = YES;
				IPHONEOS_DEPLOYMENT_TARGET = 11.2;
				MTL_ENABLE_DEBUG_INFO = YES;
				ONLY_ACTIVE_ARCH = YES;
				SDKROOT = iphoneos;
			};
			name = Debug;
		};
		793D013B1FF7651C0053A2E9 /* Release */ = {
			isa = XCBuildConfiguration;
			buildSettings = {
				ALWAYS_SEARCH_USER_PATHS = NO;
				CLANG_ANALYZER_NONNULL = YES;
				CLANG_ANALYZER_NUMBER_OBJECT_CONVERSION = YES_AGGRESSIVE;
				CLANG_CXX_LANGUAGE_STANDARD = "gnu++14";
				CLANG_CXX_LIBRARY = "libc++";
				CLANG_ENABLE_MODULES = YES;
				CLANG_ENABLE_OBJC_ARC = YES;
				CLANG_WARN_BLOCK_CAPTURE_AUTORELEASING = YES;
				CLANG_WARN_BOOL_CONVERSION = YES;
				CLANG_WARN_COMMA = YES;
				CLANG_WARN_CONSTANT_CONVERSION = YES;
				CLANG_WARN_DIRECT_OBJC_ISA_USAGE = YES_ERROR;
				CLANG_WARN_DOCUMENTATION_COMMENTS = YES;
				CLANG_WARN_EMPTY_BODY = YES;
				CLANG_WARN_ENUM_CONVERSION = YES;
				CLANG_WARN_INFINITE_RECURSION = YES;
				CLANG_WARN_INT_CONVERSION = YES;
				CLANG_WARN_NON_LITERAL_NULL_CONVERSION = YES;
				CLANG_WARN_OBJC_LITERAL_CONVERSION = YES;
				CLANG_WARN_OBJC_ROOT_CLASS = YES_ERROR;
				CLANG_WARN_RANGE_LOOP_ANALYSIS = YES;
				CLANG_WARN_STRICT_PROTOTYPES = YES;
				CLANG_WARN_SUSPICIOUS_MOVE = YES;
				CLANG_WARN_UNGUARDED_AVAILABILITY = YES_AGGRESSIVE;
				CLANG_WARN_UNREACHABLE_CODE = YES;
				CLANG_WARN__DUPLICATE_METHOD_MATCH = YES;
				CODE_SIGN_IDENTITY = "iPhone Developer";
				COPY_PHASE_STRIP = NO;
				DEBUG_INFORMATION_FORMAT = "dwarf-with-dsym";
				ENABLE_NS_ASSERTIONS = NO;
				ENABLE_STRICT_OBJC_MSGSEND = YES;
				GCC_C_LANGUAGE_STANDARD = gnu11;
				GCC_NO_COMMON_BLOCKS = YES;
				GCC_WARN_64_TO_32_BIT_CONVERSION = YES;
				GCC_WARN_ABOUT_RETURN_TYPE = YES_ERROR;
				GCC_WARN_UNDECLARED_SELECTOR = YES;
				GCC_WARN_UNINITIALIZED_AUTOS = YES_AGGRESSIVE;
				GCC_WARN_UNUSED_FUNCTION = YES;
				GCC_WARN_UNUSED_VARIABLE = YES;
				IPHONEOS_DEPLOYMENT_TARGET = 11.2;
				MTL_ENABLE_DEBUG_INFO = NO;
				SDKROOT = iphoneos;
				VALIDATE_PRODUCT = YES;
			};
			name = Release;
		};
		793D013D1FF7651C0053A2E9 /* Debug */ = {
			isa = XCBuildConfiguration;
			baseConfigurationReference = BD9BC74AD2ABC46C140E1AD5 /* Pods-GKPhotoBrowserPod.debug.xcconfig */;
			buildSettings = {
				ASSETCATALOG_COMPILER_APPICON_NAME = AppIcon;
				CODE_SIGN_STYLE = Manual;
				DEVELOPMENT_TEAM = P756K496H9;
				GCC_PREFIX_HEADER = GKPhotoBrowserPod/PrefixHeader.pch;
				INFOPLIST_FILE = GKPhotoBrowserPod/Info.plist;
				LD_RUNPATH_SEARCH_PATHS = "$(inherited) @executable_path/Frameworks";
				PRODUCT_BUNDLE_IDENTIFIER = com.wanluzhe.GKPhotoBrowserPod;
				PRODUCT_NAME = "$(TARGET_NAME)";
				PROVISIONING_PROFILE = "0ee5a965-50d0-425c-9198-7d781db0dcd2";
				PROVISIONING_PROFILE_SPECIFIER = com.wanluzhe_test_0425;
				TARGETED_DEVICE_FAMILY = "1,2";
			};
			name = Debug;
		};
		793D013E1FF7651C0053A2E9 /* Release */ = {
			isa = XCBuildConfiguration;
			baseConfigurationReference = 8CA10D680D9743A89995A000 /* Pods-GKPhotoBrowserPod.release.xcconfig */;
			buildSettings = {
				ASSETCATALOG_COMPILER_APPICON_NAME = AppIcon;
				CODE_SIGN_STYLE = Manual;
				DEVELOPMENT_TEAM = P756K496H9;
				GCC_PREFIX_HEADER = GKPhotoBrowserPod/PrefixHeader.pch;
				INFOPLIST_FILE = GKPhotoBrowserPod/Info.plist;
				LD_RUNPATH_SEARCH_PATHS = "$(inherited) @executable_path/Frameworks";
				PRODUCT_BUNDLE_IDENTIFIER = com.wanluzhe.GKPhotoBrowserPod;
				PRODUCT_NAME = "$(TARGET_NAME)";
				PROVISIONING_PROFILE = "0ee5a965-50d0-425c-9198-7d781db0dcd2";
				PROVISIONING_PROFILE_SPECIFIER = com.wanluzhe_test_0425;
				TARGETED_DEVICE_FAMILY = "1,2";
			};
			name = Release;
		};
		793D01401FF7651C0053A2E9 /* Debug */ = {
			isa = XCBuildConfiguration;
			buildSettings = {
				BUNDLE_LOADER = "$(TEST_HOST)";
				CODE_SIGN_STYLE = Automatic;
				DEVELOPMENT_TEAM = 85SKD6C7ZZ;
				INFOPLIST_FILE = GKPhotoBrowserPodTests/Info.plist;
				LD_RUNPATH_SEARCH_PATHS = "$(inherited) @executable_path/Frameworks @loader_path/Frameworks";
				PRODUCT_BUNDLE_IDENTIFIER = com.aiyinsitanfm.GKPhotoBrowserPodTests;
				PRODUCT_NAME = "$(TARGET_NAME)";
				TARGETED_DEVICE_FAMILY = "1,2";
				TEST_HOST = "$(BUILT_PRODUCTS_DIR)/GKPhotoBrowserPod.app/GKPhotoBrowserPod";
			};
			name = Debug;
		};
		793D01411FF7651C0053A2E9 /* Release */ = {
			isa = XCBuildConfiguration;
			buildSettings = {
				BUNDLE_LOADER = "$(TEST_HOST)";
				CODE_SIGN_STYLE = Automatic;
				DEVELOPMENT_TEAM = 85SKD6C7ZZ;
				INFOPLIST_FILE = GKPhotoBrowserPodTests/Info.plist;
				LD_RUNPATH_SEARCH_PATHS = "$(inherited) @executable_path/Frameworks @loader_path/Frameworks";
				PRODUCT_BUNDLE_IDENTIFIER = com.aiyinsitanfm.GKPhotoBrowserPodTests;
				PRODUCT_NAME = "$(TARGET_NAME)";
				TARGETED_DEVICE_FAMILY = "1,2";
				TEST_HOST = "$(BUILT_PRODUCTS_DIR)/GKPhotoBrowserPod.app/GKPhotoBrowserPod";
			};
			name = Release;
		};
		793D01431FF7651C0053A2E9 /* Debug */ = {
			isa = XCBuildConfiguration;
			buildSettings = {
				CODE_SIGN_STYLE = Automatic;
				DEVELOPMENT_TEAM = 85SKD6C7ZZ;
				INFOPLIST_FILE = GKPhotoBrowserPodUITests/Info.plist;
				LD_RUNPATH_SEARCH_PATHS = "$(inherited) @executable_path/Frameworks @loader_path/Frameworks";
				PRODUCT_BUNDLE_IDENTIFIER = com.aiyinsitanfm.GKPhotoBrowserPodUITests;
				PRODUCT_NAME = "$(TARGET_NAME)";
				TARGETED_DEVICE_FAMILY = "1,2";
				TEST_TARGET_NAME = GKPhotoBrowserPod;
			};
			name = Debug;
		};
		793D01441FF7651C0053A2E9 /* Release */ = {
			isa = XCBuildConfiguration;
			buildSettings = {
				CODE_SIGN_STYLE = Automatic;
				DEVELOPMENT_TEAM = 85SKD6C7ZZ;
				INFOPLIST_FILE = GKPhotoBrowserPodUITests/Info.plist;
				LD_RUNPATH_SEARCH_PATHS = "$(inherited) @executable_path/Frameworks @loader_path/Frameworks";
				PRODUCT_BUNDLE_IDENTIFIER = com.aiyinsitanfm.GKPhotoBrowserPodUITests;
				PRODUCT_NAME = "$(TARGET_NAME)";
				TARGETED_DEVICE_FAMILY = "1,2";
				TEST_TARGET_NAME = GKPhotoBrowserPod;
			};
			name = Release;
		};
/* End XCBuildConfiguration section */

/* Begin XCConfigurationList section */
		793D010B1FF7651B0053A2E9 /* Build configuration list for PBXProject "GKPhotoBrowserPod" */ = {
			isa = XCConfigurationList;
			buildConfigurations = (
				793D013A1FF7651C0053A2E9 /* Debug */,
				793D013B1FF7651C0053A2E9 /* Release */,
			);
			defaultConfigurationIsVisible = 0;
			defaultConfigurationName = Release;
		};
		793D013C1FF7651C0053A2E9 /* Build configuration list for PBXNativeTarget "GKPhotoBrowserPod" */ = {
			isa = XCConfigurationList;
			buildConfigurations = (
				793D013D1FF7651C0053A2E9 /* Debug */,
				793D013E1FF7651C0053A2E9 /* Release */,
			);
			defaultConfigurationIsVisible = 0;
			defaultConfigurationName = Release;
		};
		793D013F1FF7651C0053A2E9 /* Build configuration list for PBXNativeTarget "GKPhotoBrowserPodTests" */ = {
			isa = XCConfigurationList;
			buildConfigurations = (
				793D01401FF7651C0053A2E9 /* Debug */,
				793D01411FF7651C0053A2E9 /* Release */,
			);
			defaultConfigurationIsVisible = 0;
			defaultConfigurationName = Release;
		};
		793D01421FF7651C0053A2E9 /* Build configuration list for PBXNativeTarget "GKPhotoBrowserPodUITests" */ = {
			isa = XCConfigurationList;
			buildConfigurations = (
				793D01431FF7651C0053A2E9 /* Debug */,
				793D01441FF7651C0053A2E9 /* Release */,
			);
			defaultConfigurationIsVisible = 0;
			defaultConfigurationName = Release;
		};
/* End XCConfigurationList section */
	};
	rootObject = 793D01081FF7651B0053A2E9 /* Project object */;
}
